
Microsoft Visual Studio Solution File, Format Version 12.00
# Visual Studio Version 17
VisualStudioVersion = 17.2.32630.192
MinimumVisualStudioVersion = 10.0.40219.1
Project("{9A19103F-16F7-4668-BE54-9A1E7A4F7556}") = "R5T.L0036", "R5T.L0036\R5T.L0036.csproj", "{6C881B30-AB9D-4D2F-A172-94C3CCFF1978}"
EndProject
Project("{2150E333-8FDC-42A3-9474-1A3956D46DE8}") = "_Dependencies", "_Dependencies", "{47F7E3E3-3572-45F2-8BD7-B275E1FB1DF6}"
EndProject
Project("{9A19103F-16F7-4668-BE54-9A1E7A4F7556}") = "R5T.T0137", "..\..\R5T.T0137\source\R5T.T0137\R5T.T0137.csproj", "{F1C6410A-F75B-4A0F-8429-71F8C1E7E90F}"
EndProject
Project("{9A19103F-16F7-4668-BE54-9A1E7A4F7556}") = "R5T.T0143", "..\..\R5T.T0143\source\R5T.T0143\R5T.T0143.csproj", "{0B772327-9665-4836-B9BA-33181D57986C}"
EndProject
Project("{9A19103F-16F7-4668-BE54-9A1E7A4F7556}") = "R5T.F0000", "..\..\R5T.F0000\source\R5T.F0000\R5T.F0000.csproj", "{2EA22435-6336-4580-AF09-120D19BB1342}"
EndProject
Project("{9A19103F-16F7-4668-BE54-9A1E7A4F7556}") = "R5T.F0002", "..\..\R5T.F0002\source\R5T.F0002\R5T.F0002.csproj", "{B8A7B425-EE47-4C4D-B707-AC0E049CAB1F}"
EndProject
Project("{9A19103F-16F7-4668-BE54-9A1E7A4F7556}") = "R5T.F0120", "..\..\R5T.F0120\source\R5T.F0120\R5T.F0120.csproj", "{222E02AC-9818-4F51-9D6C-B1B4FABB5ACA}"
EndProject
Project("{9A19103F-16F7-4668-BE54-9A1E7A4F7556}") = "R5T.F0124", "..\..\R5T.F0124\source\R5T.F0124\R5T.F0124.csproj", "{E78B7153-EAC9-4253-ABCB-4FE857DD5169}"
EndProject
Project("{9A19103F-16F7-4668-BE54-9A1E7A4F7556}") = "R5T.L0030.T000", "..\..\R5T.L0030\source\R5T.L0030.T000\R5T.L0030.T000.csproj", "{BCDE1B87-2C8F-40F6-80BF-1184A53D6A91}"
EndProject
Project("{9A19103F-16F7-4668-BE54-9A1E7A4F7556}") = "R5T.L0030", "..\..\R5T.L0030\source\R5T.L0030\R5T.L0030.csproj", "{853DF969-9EC0-44EE-AB75-BA2AFF510728}"
EndProject
Project("{9A19103F-16F7-4668-BE54-9A1E7A4F7556}") = "R5T.L0034", "..\..\R5T.L0034\source\R5T.L0034\R5T.L0034.csproj", "{3D1516B7-05E3-4D77-987E-4B7E4B193061}"
EndProject
Project("{9A19103F-16F7-4668-BE54-9A1E7A4F7556}") = "R5T.T0131", "..\..\R5T.T0131\source\R5T.T0131\R5T.T0131.csproj", "{10F106EF-F70F-46FD-ACBA-EBE72980BF40}"
EndProject
Project("{9A19103F-16F7-4668-BE54-9A1E7A4F7556}") = "R5T.T0132", "..\..\R5T.T0132\source\R5T.T0132\R5T.T0132.csproj", "{C4F8BC74-1DE7-4E3F-95E2-D09BCF41A062}"
EndProject
Project("{9A19103F-16F7-4668-BE54-9A1E7A4F7556}") = "R5T.T0142", "..\..\R5T.T0142\source\R5T.T0142\R5T.T0142.csproj", "{D2A27C1B-76D0-45AF-ABFB-90284F3FB5E2}"
EndProject
Project("{9A19103F-16F7-4668-BE54-9A1E7A4F7556}") = "R5T.T0156", "..\..\R5T.T0156\source\R5T.T0156\R5T.T0156.csproj", "{A6C7C13F-5B22-418C-B326-E1FCB75A1863}"
EndProject
Project("{9A19103F-16F7-4668-BE54-9A1E7A4F7556}") = "R5T.T0178", "..\..\R5T.T0178\source\R5T.T0178\R5T.T0178.csproj", "{4B6D4F98-AD17-4CF1-B0ED-C6317A1BA2A6}"
EndProject
Project("{9A19103F-16F7-4668-BE54-9A1E7A4F7556}") = "R5T.T0179", "..\..\R5T.T0179\source\R5T.T0179\R5T.T0179.csproj", "{03C9CBAD-EF9A-4EDC-9816-FFBECAC84342}"
EndProject
Project("{9A19103F-16F7-4668-BE54-9A1E7A4F7556}") = "R5T.T0180", "..\..\R5T.T0180\source\R5T.T0180\R5T.T0180.csproj", "{7522FE0A-C90D-45A4-B8A6-021DDEAF34FB}"
EndProject
Project("{9A19103F-16F7-4668-BE54-9A1E7A4F7556}") = "R5T.T0181", "..\..\R5T.T0181\source\R5T.T0181\R5T.T0181.csproj", "{360A6B18-CA6A-4F74-9C7A-BEB7129450DA}"
EndProject
Project("{9A19103F-16F7-4668-BE54-9A1E7A4F7556}") = "R5T.Y0000", "..\..\R5T.Y0000\source\R5T.Y0000\R5T.Y0000.csproj", "{CD8B47F7-49C0-425C-81B2-AE46B409BF21}"
EndProject
Project("{9A19103F-16F7-4668-BE54-9A1E7A4F7556}") = "R5T.Z0000", "..\..\R5T.Z0000\source\R5T.Z0000\R5T.Z0000.csproj", "{28F6B478-8DA9-4C5C-AE7E-A751EAF55952}"
EndProject
Project("{9A19103F-16F7-4668-BE54-9A1E7A4F7556}") = "R5T.L0031.T000", "..\..\R5T.L0031\source\R5T.L0031.T000\R5T.L0031.T000.csproj", "{DA071EEF-09B8-403C-AC0B-31B1380F97ED}"
EndProject
Project("{9A19103F-16F7-4668-BE54-9A1E7A4F7556}") = "R5T.L0031", "..\..\R5T.L0031\source\R5T.L0031\R5T.L0031.csproj", "{3DF35C42-3B1F-4629-B34A-73F43747CAC3}"
EndProject
Project("{9A19103F-16F7-4668-BE54-9A1E7A4F7556}") = "R5T.F0019", "..\..\R5T.F0019\source\R5T.F0019\R5T.F0019.csproj", "{E950578E-054F-4FBE-8101-842C7D5ADD81}"
EndProject
Project("{9A19103F-16F7-4668-BE54-9A1E7A4F7556}") = "R5T.F0032", "..\..\R5T.F0032\source\R5T.F0032\R5T.F0032.csproj", "{719842C7-6A0A-4FC7-9D2A-66075FC88DC0}"
EndProject
Project("{9A19103F-16F7-4668-BE54-9A1E7A4F7556}") = "R5T.F0041", "..\..\R5T.F0041\source\R5T.F0041\R5T.F0041.csproj", "{1B853158-EF19-4082-9706-95F53C6B59B6}"
EndProject
Project("{9A19103F-16F7-4668-BE54-9A1E7A4F7556}") = "R5T.F0044", "..\..\R5T.F0044\source\R5T.F0044\R5T.F0044.csproj", "{560DEF9A-A1B8-4A08-A673-ACF701F5F6F0}"
EndProject
Project("{9A19103F-16F7-4668-BE54-9A1E7A4F7556}") = "R5T.F0046", "..\..\R5T.F0046\source\R5T.F0046\R5T.F0046.csproj", "{B6589D09-1401-4B6C-8200-567536F0DAD8}"
EndProject
Project("{9A19103F-16F7-4668-BE54-9A1E7A4F7556}") = "R5T.F0047", "..\..\R5T.F0047\source\R5T.F0047\R5T.F0047.csproj", "{C466D665-3868-4800-803F-C2E4F87C7BDD}"
EndProject
Project("{9A19103F-16F7-4668-BE54-9A1E7A4F7556}") = "R5T.F0057", "..\..\R5T.F0057\source\R5T.F0057\R5T.F0057.csproj", "{F0AE2B5A-FA24-48CC-9658-C23B0DC5C419}"
EndProject
Project("{9A19103F-16F7-4668-BE54-9A1E7A4F7556}") = "R5T.L0001.Y000", "..\..\R5T.L0001\source\R5T.L0001.Y000\R5T.L0001.Y000.csproj", "{A88E5B2D-7FB0-4F1A-8DB7-AA9BD48B8EB3}"
EndProject
Project("{9A19103F-16F7-4668-BE54-9A1E7A4F7556}") = "R5T.L0001.Z000", "..\..\R5T.L0001\source\R5T.L0001.Z000\R5T.L0001.Z000.csproj", "{0C166E32-A101-493E-8283-3403BE0C6FED}"
EndProject
Project("{9A19103F-16F7-4668-BE54-9A1E7A4F7556}") = "R5T.L0001", "..\..\R5T.L0001\source\R5T.L0001\R5T.L0001.csproj", "{2192DB9B-FD85-4965-A7C8-ABE494531711}"
EndProject
Project("{9A19103F-16F7-4668-BE54-9A1E7A4F7556}") = "R5T.NG0005", "..\..\R5T.NG0005\source\R5T.NG0005\R5T.NG0005.csproj", "{071EDD10-A614-4717-A0E4-16C965472906}"
EndProject
Project("{9A19103F-16F7-4668-BE54-9A1E7A4F7556}") = "R5T.NG0006", "..\..\R5T.NG0006\source\R5T.NG0006\R5T.NG0006.csproj", "{6AA63873-B4F4-4666-96D9-F76FAD6153EB}"
EndProject
Project("{9A19103F-16F7-4668-BE54-9A1E7A4F7556}") = "R5T.NG0008", "..\..\R5T.NG0008\source\R5T.NG0008\R5T.NG0008.csproj", "{3359972E-8494-4AEF-B165-1E30069CD9F6}"
EndProject
Project("{9A19103F-16F7-4668-BE54-9A1E7A4F7556}") = "R5T.T0046", "..\..\R5T.T0046\source\R5T.T0046\R5T.T0046.csproj", "{6FF0DA05-CC5B-435C-A6CA-71A25C4EB606}"
EndProject
Project("{9A19103F-16F7-4668-BE54-9A1E7A4F7556}") = "R5T.T0144", "..\..\R5T.T0144\source\R5T.T0144\R5T.T0144.csproj", "{A19BC7C2-0607-4594-8B0B-8A986D5AA559}"
EndProject
Project("{9A19103F-16F7-4668-BE54-9A1E7A4F7556}") = "R5T.T0184", "..\..\R5T.T0184\source\R5T.T0184\R5T.T0184.csproj", "{548202AC-79A2-4D4A-9B92-660E7337D936}"
EndProject
Project("{9A19103F-16F7-4668-BE54-9A1E7A4F7556}") = "R5T.T0185", "..\..\R5T.T0185\source\R5T.T0185\R5T.T0185.csproj", "{AAFA6551-682A-4891-AED7-806129765C4F}"
EndProject
Project("{9A19103F-16F7-4668-BE54-9A1E7A4F7556}") = "R5T.T0186", "..\..\R5T.T0186\source\R5T.T0186\R5T.T0186.csproj", "{10AB2628-1316-4E3A-8ECD-232C69951BFF}"
EndProject
Project("{9A19103F-16F7-4668-BE54-9A1E7A4F7556}") = "R5T.Y0004", "..\..\R5T.Y0004\source\R5T.Y0004\R5T.Y0004.csproj", "{DB999BD4-4A0B-44D2-BE17-14056DE4A3FE}"
EndProject
Project("{9A19103F-16F7-4668-BE54-9A1E7A4F7556}") = "R5T.Z0005", "..\..\R5T.Z0005\source\R5T.Z0005\R5T.Z0005.csproj", "{0BFAB29E-E6E4-49D2-BA46-29E7B065C58F}"
EndProject
Project("{9A19103F-16F7-4668-BE54-9A1E7A4F7556}") = "R5T.Z0013", "..\..\R5T.Z0013\source\R5T.Z0013\R5T.Z0013.csproj", "{781141D4-7D2D-42B4-8354-079F2499BC46}"
EndProject
Project("{9A19103F-16F7-4668-BE54-9A1E7A4F7556}") = "R5T.T0158", "..\..\R5T.T0158\source\R5T.T0158\R5T.T0158.csproj", "{F6942A8F-1BD4-450C-88EA-2AA163A52CB8}"
EndProject
Project("{9A19103F-16F7-4668-BE54-9A1E7A4F7556}") = "R5T.T0159", "..\..\R5T.T0159\source\R5T.T0159\R5T.T0159.csproj", "{6637C0E4-BC58-433D-9BEC-C8A4F75885E3}"
EndProject
Project("{9A19103F-16F7-4668-BE54-9A1E7A4F7556}") = "R5T.T0174", "..\..\R5T.T0174\source\R5T.T0174\R5T.T0174.csproj", "{9BC0EADF-A827-4A1D-8FFA-6521D7AFFB23}"
EndProject
Project("{9A19103F-16F7-4668-BE54-9A1E7A4F7556}") = "R5T.T0176", "..\..\R5T.T0176\source\R5T.T0176\R5T.T0176.csproj", "{CED83A8D-5884-4D3A-93BE-86ACC3BFDB29}"
EndProject
Project("{9A19103F-16F7-4668-BE54-9A1E7A4F7556}") = "R5T.T0177", "..\..\R5T.T0177\source\R5T.T0177\R5T.T0177.csproj", "{05AFD957-01A6-4644-B098-A94FCF60EEBC}"
EndProject
Project("{9A19103F-16F7-4668-BE54-9A1E7A4F7556}") = "R5T.L0036.T000", "R5T.L0036.T000\R5T.L0036.T000.csproj", "{8EB85029-3E12-48AF-88D4-26E74A9719C4}"
EndProject
Project("{9A19103F-16F7-4668-BE54-9A1E7A4F7556}") = "R5T.F0125", "..\..\R5T.F0125\source\R5T.F0125\R5T.F0125.csproj", "{7BB16EFB-DF87-44D8-9BE1-D05C537DB49E}"
EndProject
Project("{9A19103F-16F7-4668-BE54-9A1E7A4F7556}") = "R5T.L0035", "..\..\R5T.L0035\source\R5T.L0035\R5T.L0035.csproj", "{71AA4A84-305D-4C19-BB53-B92F42EF25BC}"
EndProject
Project("{9A19103F-16F7-4668-BE54-9A1E7A4F7556}") = "R5T.T0198", "..\..\R5T.T0198\source\R5T.T0198\R5T.T0198.csproj", "{3D2F5387-6EA2-4A5B-99FD-F0730EC6B1AE}"
EndProject
Global
	GlobalSection(NestedProjects) = preSolution
		{F1C6410A-F75B-4A0F-8429-71F8C1E7E90F} = {47F7E3E3-3572-45F2-8BD7-B275E1FB1DF6}
		{0B772327-9665-4836-B9BA-33181D57986C} = {47F7E3E3-3572-45F2-8BD7-B275E1FB1DF6}
		{2EA22435-6336-4580-AF09-120D19BB1342} = {47F7E3E3-3572-45F2-8BD7-B275E1FB1DF6}
		{B8A7B425-EE47-4C4D-B707-AC0E049CAB1F} = {47F7E3E3-3572-45F2-8BD7-B275E1FB1DF6}
		{222E02AC-9818-4F51-9D6C-B1B4FABB5ACA} = {47F7E3E3-3572-45F2-8BD7-B275E1FB1DF6}
		{E78B7153-EAC9-4253-ABCB-4FE857DD5169} = {47F7E3E3-3572-45F2-8BD7-B275E1FB1DF6}
		{BCDE1B87-2C8F-40F6-80BF-1184A53D6A91} = {47F7E3E3-3572-45F2-8BD7-B275E1FB1DF6}
		{853DF969-9EC0-44EE-AB75-BA2AFF510728} = {47F7E3E3-3572-45F2-8BD7-B275E1FB1DF6}
		{3D1516B7-05E3-4D77-987E-4B7E4B193061} = {47F7E3E3-3572-45F2-8BD7-B275E1FB1DF6}
		{10F106EF-F70F-46FD-ACBA-EBE72980BF40} = {47F7E3E3-3572-45F2-8BD7-B275E1FB1DF6}
		{C4F8BC74-1DE7-4E3F-95E2-D09BCF41A062} = {47F7E3E3-3572-45F2-8BD7-B275E1FB1DF6}
		{D2A27C1B-76D0-45AF-ABFB-90284F3FB5E2} = {47F7E3E3-3572-45F2-8BD7-B275E1FB1DF6}
		{A6C7C13F-5B22-418C-B326-E1FCB75A1863} = {47F7E3E3-3572-45F2-8BD7-B275E1FB1DF6}
		{4B6D4F98-AD17-4CF1-B0ED-C6317A1BA2A6} = {47F7E3E3-3572-45F2-8BD7-B275E1FB1DF6}
		{03C9CBAD-EF9A-4EDC-9816-FFBECAC84342} = {47F7E3E3-3572-45F2-8BD7-B275E1FB1DF6}
		{7522FE0A-C90D-45A4-B8A6-021DDEAF34FB} = {47F7E3E3-3572-45F2-8BD7-B275E1FB1DF6}
		{360A6B18-CA6A-4F74-9C7A-BEB7129450DA} = {47F7E3E3-3572-45F2-8BD7-B275E1FB1DF6}
		{CD8B47F7-49C0-425C-81B2-AE46B409BF21} = {47F7E3E3-3572-45F2-8BD7-B275E1FB1DF6}
		{28F6B478-8DA9-4C5C-AE7E-A751EAF55952} = {47F7E3E3-3572-45F2-8BD7-B275E1FB1DF6}
		{DA071EEF-09B8-403C-AC0B-31B1380F97ED} = {47F7E3E3-3572-45F2-8BD7-B275E1FB1DF6}
		{3DF35C42-3B1F-4629-B34A-73F43747CAC3} = {47F7E3E3-3572-45F2-8BD7-B275E1FB1DF6}
		{E950578E-054F-4FBE-8101-842C7D5ADD81} = {47F7E3E3-3572-45F2-8BD7-B275E1FB1DF6}
		{719842C7-6A0A-4FC7-9D2A-66075FC88DC0} = {47F7E3E3-3572-45F2-8BD7-B275E1FB1DF6}
		{1B853158-EF19-4082-9706-95F53C6B59B6} = {47F7E3E3-3572-45F2-8BD7-B275E1FB1DF6}
		{560DEF9A-A1B8-4A08-A673-ACF701F5F6F0} = {47F7E3E3-3572-45F2-8BD7-B275E1FB1DF6}
		{B6589D09-1401-4B6C-8200-567536F0DAD8} = {47F7E3E3-3572-45F2-8BD7-B275E1FB1DF6}
		{C466D665-3868-4800-803F-C2E4F87C7BDD} = {47F7E3E3-3572-45F2-8BD7-B275E1FB1DF6}
		{F0AE2B5A-FA24-48CC-9658-C23B0DC5C419} = {47F7E3E3-3572-45F2-8BD7-B275E1FB1DF6}
		{A88E5B2D-7FB0-4F1A-8DB7-AA9BD48B8EB3} = {47F7E3E3-3572-45F2-8BD7-B275E1FB1DF6}
		{0C166E32-A101-493E-8283-3403BE0C6FED} = {47F7E3E3-3572-45F2-8BD7-B275E1FB1DF6}
		{2192DB9B-FD85-4965-A7C8-ABE494531711} = {47F7E3E3-3572-45F2-8BD7-B275E1FB1DF6}
		{071EDD10-A614-4717-A0E4-16C965472906} = {47F7E3E3-3572-45F2-8BD7-B275E1FB1DF6}
		{6AA63873-B4F4-4666-96D9-F76FAD6153EB} = {47F7E3E3-3572-45F2-8BD7-B275E1FB1DF6}
		{3359972E-8494-4AEF-B165-1E30069CD9F6} = {47F7E3E3-3572-45F2-8BD7-B275E1FB1DF6}
		{6FF0DA05-CC5B-435C-A6CA-71A25C4EB606} = {47F7E3E3-3572-45F2-8BD7-B275E1FB1DF6}
		{A19BC7C2-0607-4594-8B0B-8A986D5AA559} = {47F7E3E3-3572-45F2-8BD7-B275E1FB1DF6}
		{548202AC-79A2-4D4A-9B92-660E7337D936} = {47F7E3E3-3572-45F2-8BD7-B275E1FB1DF6}
		{AAFA6551-682A-4891-AED7-806129765C4F} = {47F7E3E3-3572-45F2-8BD7-B275E1FB1DF6}
		{10AB2628-1316-4E3A-8ECD-232C69951BFF} = {47F7E3E3-3572-45F2-8BD7-B275E1FB1DF6}
		{DB999BD4-4A0B-44D2-BE17-14056DE4A3FE} = {47F7E3E3-3572-45F2-8BD7-B275E1FB1DF6}
		{0BFAB29E-E6E4-49D2-BA46-29E7B065C58F} = {47F7E3E3-3572-45F2-8BD7-B275E1FB1DF6}
		{781141D4-7D2D-42B4-8354-079F2499BC46} = {47F7E3E3-3572-45F2-8BD7-B275E1FB1DF6}
		{F6942A8F-1BD4-450C-88EA-2AA163A52CB8} = {47F7E3E3-3572-45F2-8BD7-B275E1FB1DF6}
		{6637C0E4-BC58-433D-9BEC-C8A4F75885E3} = {47F7E3E3-3572-45F2-8BD7-B275E1FB1DF6}
		{9BC0EADF-A827-4A1D-8FFA-6521D7AFFB23} = {47F7E3E3-3572-45F2-8BD7-B275E1FB1DF6}
		{CED83A8D-5884-4D3A-93BE-86ACC3BFDB29} = {47F7E3E3-3572-45F2-8BD7-B275E1FB1DF6}
		{05AFD957-01A6-4644-B098-A94FCF60EEBC} = {47F7E3E3-3572-45F2-8BD7-B275E1FB1DF6}
		{7BB16EFB-DF87-44D8-9BE1-D05C537DB49E} = {47F7E3E3-3572-45F2-8BD7-B275E1FB1DF6}
		{71AA4A84-305D-4C19-BB53-B92F42EF25BC} = {47F7E3E3-3572-45F2-8BD7-B275E1FB1DF6}
		{3D2F5387-6EA2-4A5B-99FD-F0730EC6B1AE} = {47F7E3E3-3572-45F2-8BD7-B275E1FB1DF6}
	EndGlobalSection
	GlobalSection(SolutionConfigurationPlatforms) = preSolution
		Debug|Any CPU = Debug|Any CPU
		Release|Any CPU = Release|Any CPU
	EndGlobalSection
	GlobalSection(ProjectConfigurationPlatforms) = postSolution
		{6C881B30-AB9D-4D2F-A172-94C3CCFF1978}.Debug|Any CPU.ActiveCfg = Debug|Any CPU
		{6C881B30-AB9D-4D2F-A172-94C3CCFF1978}.Debug|Any CPU.Build.0 = Debug|Any CPU
		{6C881B30-AB9D-4D2F-A172-94C3CCFF1978}.Release|Any CPU.ActiveCfg = Release|Any CPU
		{6C881B30-AB9D-4D2F-A172-94C3CCFF1978}.Release|Any CPU.Build.0 = Release|Any CPU
		{F1C6410A-F75B-4A0F-8429-71F8C1E7E90F}.Debug|Any CPU.ActiveCfg = Debug|Any CPU
		{F1C6410A-F75B-4A0F-8429-71F8C1E7E90F}.Debug|Any CPU.Build.0 = Debug|Any CPU
		{F1C6410A-F75B-4A0F-8429-71F8C1E7E90F}.Release|Any CPU.ActiveCfg = Release|Any CPU
		{F1C6410A-F75B-4A0F-8429-71F8C1E7E90F}.Release|Any CPU.Build.0 = Release|Any CPU
		{0B772327-9665-4836-B9BA-33181D57986C}.Debug|Any CPU.ActiveCfg = Debug|Any CPU
		{0B772327-9665-4836-B9BA-33181D57986C}.Debug|Any CPU.Build.0 = Debug|Any CPU
		{0B772327-9665-4836-B9BA-33181D57986C}.Release|Any CPU.ActiveCfg = Release|Any CPU
		{0B772327-9665-4836-B9BA-33181D57986C}.Release|Any CPU.Build.0 = Release|Any CPU
		{2EA22435-6336-4580-AF09-120D19BB1342}.Debug|Any CPU.ActiveCfg = Debug|Any CPU
		{2EA22435-6336-4580-AF09-120D19BB1342}.Debug|Any CPU.Build.0 = Debug|Any CPU
		{2EA22435-6336-4580-AF09-120D19BB1342}.Release|Any CPU.ActiveCfg = Release|Any CPU
		{2EA22435-6336-4580-AF09-120D19BB1342}.Release|Any CPU.Build.0 = Release|Any CPU
		{B8A7B425-EE47-4C4D-B707-AC0E049CAB1F}.Debug|Any CPU.ActiveCfg = Debug|Any CPU
		{B8A7B425-EE47-4C4D-B707-AC0E049CAB1F}.Debug|Any CPU.Build.0 = Debug|Any CPU
		{B8A7B425-EE47-4C4D-B707-AC0E049CAB1F}.Release|Any CPU.ActiveCfg = Release|Any CPU
		{B8A7B425-EE47-4C4D-B707-AC0E049CAB1F}.Release|Any CPU.Build.0 = Release|Any CPU
		{222E02AC-9818-4F51-9D6C-B1B4FABB5ACA}.Debug|Any CPU.ActiveCfg = Debug|Any CPU
		{222E02AC-9818-4F51-9D6C-B1B4FABB5ACA}.Debug|Any CPU.Build.0 = Debug|Any CPU
		{222E02AC-9818-4F51-9D6C-B1B4FABB5ACA}.Release|Any CPU.ActiveCfg = Release|Any CPU
		{222E02AC-9818-4F51-9D6C-B1B4FABB5ACA}.Release|Any CPU.Build.0 = Release|Any CPU
		{E78B7153-EAC9-4253-ABCB-4FE857DD5169}.Debug|Any CPU.ActiveCfg = Debug|Any CPU
		{E78B7153-EAC9-4253-ABCB-4FE857DD5169}.Debug|Any CPU.Build.0 = Debug|Any CPU
		{E78B7153-EAC9-4253-ABCB-4FE857DD5169}.Release|Any CPU.ActiveCfg = Release|Any CPU
		{E78B7153-EAC9-4253-ABCB-4FE857DD5169}.Release|Any CPU.Build.0 = Release|Any CPU
		{BCDE1B87-2C8F-40F6-80BF-1184A53D6A91}.Debug|Any CPU.ActiveCfg = Debug|Any CPU
		{BCDE1B87-2C8F-40F6-80BF-1184A53D6A91}.Debug|Any CPU.Build.0 = Debug|Any CPU
		{BCDE1B87-2C8F-40F6-80BF-1184A53D6A91}.Release|Any CPU.ActiveCfg = Release|Any CPU
		{BCDE1B87-2C8F-40F6-80BF-1184A53D6A91}.Release|Any CPU.Build.0 = Release|Any CPU
		{853DF969-9EC0-44EE-AB75-BA2AFF510728}.Debug|Any CPU.ActiveCfg = Debug|Any CPU
		{853DF969-9EC0-44EE-AB75-BA2AFF510728}.Debug|Any CPU.Build.0 = Debug|Any CPU
		{853DF969-9EC0-44EE-AB75-BA2AFF510728}.Release|Any CPU.ActiveCfg = Release|Any CPU
		{853DF969-9EC0-44EE-AB75-BA2AFF510728}.Release|Any CPU.Build.0 = Release|Any CPU
		{3D1516B7-05E3-4D77-987E-4B7E4B193061}.Debug|Any CPU.ActiveCfg = Debug|Any CPU
		{3D1516B7-05E3-4D77-987E-4B7E4B193061}.Debug|Any CPU.Build.0 = Debug|Any CPU
		{3D1516B7-05E3-4D77-987E-4B7E4B193061}.Release|Any CPU.ActiveCfg = Release|Any CPU
		{3D1516B7-05E3-4D77-987E-4B7E4B193061}.Release|Any CPU.Build.0 = Release|Any CPU
		{10F106EF-F70F-46FD-ACBA-EBE72980BF40}.Debug|Any CPU.ActiveCfg = Debug|Any CPU
		{10F106EF-F70F-46FD-ACBA-EBE72980BF40}.Debug|Any CPU.Build.0 = Debug|Any CPU
		{10F106EF-F70F-46FD-ACBA-EBE72980BF40}.Release|Any CPU.ActiveCfg = Release|Any CPU
		{10F106EF-F70F-46FD-ACBA-EBE72980BF40}.Release|Any CPU.Build.0 = Release|Any CPU
		{C4F8BC74-1DE7-4E3F-95E2-D09BCF41A062}.Debug|Any CPU.ActiveCfg = Debug|Any CPU
		{C4F8BC74-1DE7-4E3F-95E2-D09BCF41A062}.Debug|Any CPU.Build.0 = Debug|Any CPU
		{C4F8BC74-1DE7-4E3F-95E2-D09BCF41A062}.Release|Any CPU.ActiveCfg = Release|Any CPU
		{C4F8BC74-1DE7-4E3F-95E2-D09BCF41A062}.Release|Any CPU.Build.0 = Release|Any CPU
		{D2A27C1B-76D0-45AF-ABFB-90284F3FB5E2}.Debug|Any CPU.ActiveCfg = Debug|Any CPU
		{D2A27C1B-76D0-45AF-ABFB-90284F3FB5E2}.Debug|Any CPU.Build.0 = Debug|Any CPU
		{D2A27C1B-76D0-45AF-ABFB-90284F3FB5E2}.Release|Any CPU.ActiveCfg = Release|Any CPU
		{D2A27C1B-76D0-45AF-ABFB-90284F3FB5E2}.Release|Any CPU.Build.0 = Release|Any CPU
		{A6C7C13F-5B22-418C-B326-E1FCB75A1863}.Debug|Any CPU.ActiveCfg = Debug|Any CPU
		{A6C7C13F-5B22-418C-B326-E1FCB75A1863}.Debug|Any CPU.Build.0 = Debug|Any CPU
		{A6C7C13F-5B22-418C-B326-E1FCB75A1863}.Release|Any CPU.ActiveCfg = Release|Any CPU
		{A6C7C13F-5B22-418C-B326-E1FCB75A1863}.Release|Any CPU.Build.0 = Release|Any CPU
		{4B6D4F98-AD17-4CF1-B0ED-C6317A1BA2A6}.Debug|Any CPU.ActiveCfg = Debug|Any CPU
		{4B6D4F98-AD17-4CF1-B0ED-C6317A1BA2A6}.Debug|Any CPU.Build.0 = Debug|Any CPU
		{4B6D4F98-AD17-4CF1-B0ED-C6317A1BA2A6}.Release|Any CPU.ActiveCfg = Release|Any CPU
		{4B6D4F98-AD17-4CF1-B0ED-C6317A1BA2A6}.Release|Any CPU.Build.0 = Release|Any CPU
		{03C9CBAD-EF9A-4EDC-9816-FFBECAC84342}.Debug|Any CPU.ActiveCfg = Debug|Any CPU
		{03C9CBAD-EF9A-4EDC-9816-FFBECAC84342}.Debug|Any CPU.Build.0 = Debug|Any CPU
		{03C9CBAD-EF9A-4EDC-9816-FFBECAC84342}.Release|Any CPU.ActiveCfg = Release|Any CPU
		{03C9CBAD-EF9A-4EDC-9816-FFBECAC84342}.Release|Any CPU.Build.0 = Release|Any CPU
		{7522FE0A-C90D-45A4-B8A6-021DDEAF34FB}.Debug|Any CPU.ActiveCfg = Debug|Any CPU
		{7522FE0A-C90D-45A4-B8A6-021DDEAF34FB}.Debug|Any CPU.Build.0 = Debug|Any CPU
		{7522FE0A-C90D-45A4-B8A6-021DDEAF34FB}.Release|Any CPU.ActiveCfg = Release|Any CPU
		{7522FE0A-C90D-45A4-B8A6-021DDEAF34FB}.Release|Any CPU.Build.0 = Release|Any CPU
		{360A6B18-CA6A-4F74-9C7A-BEB7129450DA}.Debug|Any CPU.ActiveCfg = Debug|Any CPU
		{360A6B18-CA6A-4F74-9C7A-BEB7129450DA}.Debug|Any CPU.Build.0 = Debug|Any CPU
		{360A6B18-CA6A-4F74-9C7A-BEB7129450DA}.Release|Any CPU.ActiveCfg = Release|Any CPU
		{360A6B18-CA6A-4F74-9C7A-BEB7129450DA}.Release|Any CPU.Build.0 = Release|Any CPU
		{CD8B47F7-49C0-425C-81B2-AE46B409BF21}.Debug|Any CPU.ActiveCfg = Debug|Any CPU
		{CD8B47F7-49C0-425C-81B2-AE46B409BF21}.Debug|Any CPU.Build.0 = Debug|Any CPU
		{CD8B47F7-49C0-425C-81B2-AE46B409BF21}.Release|Any CPU.ActiveCfg = Release|Any CPU
		{CD8B47F7-49C0-425C-81B2-AE46B409BF21}.Release|Any CPU.Build.0 = Release|Any CPU
		{28F6B478-8DA9-4C5C-AE7E-A751EAF55952}.Debug|Any CPU.ActiveCfg = Debug|Any CPU
		{28F6B478-8DA9-4C5C-AE7E-A751EAF55952}.Debug|Any CPU.Build.0 = Debug|Any CPU
		{28F6B478-8DA9-4C5C-AE7E-A751EAF55952}.Release|Any CPU.ActiveCfg = Release|Any CPU
		{28F6B478-8DA9-4C5C-AE7E-A751EAF55952}.Release|Any CPU.Build.0 = Release|Any CPU
		{DA071EEF-09B8-403C-AC0B-31B1380F97ED}.Debug|Any CPU.ActiveCfg = Debug|Any CPU
		{DA071EEF-09B8-403C-AC0B-31B1380F97ED}.Debug|Any CPU.Build.0 = Debug|Any CPU
		{DA071EEF-09B8-403C-AC0B-31B1380F97ED}.Release|Any CPU.ActiveCfg = Release|Any CPU
		{DA071EEF-09B8-403C-AC0B-31B1380F97ED}.Release|Any CPU.Build.0 = Release|Any CPU
		{3DF35C42-3B1F-4629-B34A-73F43747CAC3}.Debug|Any CPU.ActiveCfg = Debug|Any CPU
		{3DF35C42-3B1F-4629-B34A-73F43747CAC3}.Debug|Any CPU.Build.0 = Debug|Any CPU
		{3DF35C42-3B1F-4629-B34A-73F43747CAC3}.Release|Any CPU.ActiveCfg = Release|Any CPU
		{3DF35C42-3B1F-4629-B34A-73F43747CAC3}.Release|Any CPU.Build.0 = Release|Any CPU
		{E950578E-054F-4FBE-8101-842C7D5ADD81}.Debug|Any CPU.ActiveCfg = Debug|Any CPU
		{E950578E-054F-4FBE-8101-842C7D5ADD81}.Debug|Any CPU.Build.0 = Debug|Any CPU
		{E950578E-054F-4FBE-8101-842C7D5ADD81}.Release|Any CPU.ActiveCfg = Release|Any CPU
		{E950578E-054F-4FBE-8101-842C7D5ADD81}.Release|Any CPU.Build.0 = Release|Any CPU
		{719842C7-6A0A-4FC7-9D2A-66075FC88DC0}.Debug|Any CPU.ActiveCfg = Debug|Any CPU
		{719842C7-6A0A-4FC7-9D2A-66075FC88DC0}.Debug|Any CPU.Build.0 = Debug|Any CPU
		{719842C7-6A0A-4FC7-9D2A-66075FC88DC0}.Release|Any CPU.ActiveCfg = Release|Any CPU
		{719842C7-6A0A-4FC7-9D2A-66075FC88DC0}.Release|Any CPU.Build.0 = Release|Any CPU
		{1B853158-EF19-4082-9706-95F53C6B59B6}.Debug|Any CPU.ActiveCfg = Debug|Any CPU
		{1B853158-EF19-4082-9706-95F53C6B59B6}.Debug|Any CPU.Build.0 = Debug|Any CPU
		{1B853158-EF19-4082-9706-95F53C6B59B6}.Release|Any CPU.ActiveCfg = Release|Any CPU
		{1B853158-EF19-4082-9706-95F53C6B59B6}.Release|Any CPU.Build.0 = Release|Any CPU
		{560DEF9A-A1B8-4A08-A673-ACF701F5F6F0}.Debug|Any CPU.ActiveCfg = Debug|Any CPU
		{560DEF9A-A1B8-4A08-A673-ACF701F5F6F0}.Debug|Any CPU.Build.0 = Debug|Any CPU
		{560DEF9A-A1B8-4A08-A673-ACF701F5F6F0}.Release|Any CPU.ActiveCfg = Release|Any CPU
		{560DEF9A-A1B8-4A08-A673-ACF701F5F6F0}.Release|Any CPU.Build.0 = Release|Any CPU
		{B6589D09-1401-4B6C-8200-567536F0DAD8}.Debug|Any CPU.ActiveCfg = Debug|Any CPU
		{B6589D09-1401-4B6C-8200-567536F0DAD8}.Debug|Any CPU.Build.0 = Debug|Any CPU
		{B6589D09-1401-4B6C-8200-567536F0DAD8}.Release|Any CPU.ActiveCfg = Release|Any CPU
		{B6589D09-1401-4B6C-8200-567536F0DAD8}.Release|Any CPU.Build.0 = Release|Any CPU
		{C466D665-3868-4800-803F-C2E4F87C7BDD}.Debug|Any CPU.ActiveCfg = Debug|Any CPU
		{C466D665-3868-4800-803F-C2E4F87C7BDD}.Debug|Any CPU.Build.0 = Debug|Any CPU
		{C466D665-3868-4800-803F-C2E4F87C7BDD}.Release|Any CPU.ActiveCfg = Release|Any CPU
		{C466D665-3868-4800-803F-C2E4F87C7BDD}.Release|Any CPU.Build.0 = Release|Any CPU
		{F0AE2B5A-FA24-48CC-9658-C23B0DC5C419}.Debug|Any CPU.ActiveCfg = Debug|Any CPU
		{F0AE2B5A-FA24-48CC-9658-C23B0DC5C419}.Debug|Any CPU.Build.0 = Debug|Any CPU
		{F0AE2B5A-FA24-48CC-9658-C23B0DC5C419}.Release|Any CPU.ActiveCfg = Release|Any CPU
		{F0AE2B5A-FA24-48CC-9658-C23B0DC5C419}.Release|Any CPU.Build.0 = Release|Any CPU
		{A88E5B2D-7FB0-4F1A-8DB7-AA9BD48B8EB3}.Debug|Any CPU.ActiveCfg = Debug|Any CPU
		{A88E5B2D-7FB0-4F1A-8DB7-AA9BD48B8EB3}.Debug|Any CPU.Build.0 = Debug|Any CPU
		{A88E5B2D-7FB0-4F1A-8DB7-AA9BD48B8EB3}.Release|Any CPU.ActiveCfg = Release|Any CPU
		{A88E5B2D-7FB0-4F1A-8DB7-AA9BD48B8EB3}.Release|Any CPU.Build.0 = Release|Any CPU
		{0C166E32-A101-493E-8283-3403BE0C6FED}.Debug|Any CPU.ActiveCfg = Debug|Any CPU
		{0C166E32-A101-493E-8283-3403BE0C6FED}.Debug|Any CPU.Build.0 = Debug|Any CPU
		{0C166E32-A101-493E-8283-3403BE0C6FED}.Release|Any CPU.ActiveCfg = Release|Any CPU
		{0C166E32-A101-493E-8283-3403BE0C6FED}.Release|Any CPU.Build.0 = Release|Any CPU
		{2192DB9B-FD85-4965-A7C8-ABE494531711}.Debug|Any CPU.ActiveCfg = Debug|Any CPU
		{2192DB9B-FD85-4965-A7C8-ABE494531711}.Debug|Any CPU.Build.0 = Debug|Any CPU
		{2192DB9B-FD85-4965-A7C8-ABE494531711}.Release|Any CPU.ActiveCfg = Release|Any CPU
		{2192DB9B-FD85-4965-A7C8-ABE494531711}.Release|Any CPU.Build.0 = Release|Any CPU
		{071EDD10-A614-4717-A0E4-16C965472906}.Debug|Any CPU.ActiveCfg = Debug|Any CPU
		{071EDD10-A614-4717-A0E4-16C965472906}.Debug|Any CPU.Build.0 = Debug|Any CPU
		{071EDD10-A614-4717-A0E4-16C965472906}.Release|Any CPU.ActiveCfg = Release|Any CPU
		{071EDD10-A614-4717-A0E4-16C965472906}.Release|Any CPU.Build.0 = Release|Any CPU
		{6AA63873-B4F4-4666-96D9-F76FAD6153EB}.Debug|Any CPU.ActiveCfg = Debug|Any CPU
		{6AA63873-B4F4-4666-96D9-F76FAD6153EB}.Debug|Any CPU.Build.0 = Debug|Any CPU
		{6AA63873-B4F4-4666-96D9-F76FAD6153EB}.Release|Any CPU.ActiveCfg = Release|Any CPU
		{6AA63873-B4F4-4666-96D9-F76FAD6153EB}.Release|Any CPU.Build.0 = Release|Any CPU
		{3359972E-8494-4AEF-B165-1E30069CD9F6}.Debug|Any CPU.ActiveCfg = Debug|Any CPU
		{3359972E-8494-4AEF-B165-1E30069CD9F6}.Debug|Any CPU.Build.0 = Debug|Any CPU
		{3359972E-8494-4AEF-B165-1E30069CD9F6}.Release|Any CPU.ActiveCfg = Release|Any CPU
		{3359972E-8494-4AEF-B165-1E30069CD9F6}.Release|Any CPU.Build.0 = Release|Any CPU
		{6FF0DA05-CC5B-435C-A6CA-71A25C4EB606}.Debug|Any CPU.ActiveCfg = Debug|Any CPU
		{6FF0DA05-CC5B-435C-A6CA-71A25C4EB606}.Debug|Any CPU.Build.0 = Debug|Any CPU
		{6FF0DA05-CC5B-435C-A6CA-71A25C4EB606}.Release|Any CPU.ActiveCfg = Release|Any CPU
		{6FF0DA05-CC5B-435C-A6CA-71A25C4EB606}.Release|Any CPU.Build.0 = Release|Any CPU
		{A19BC7C2-0607-4594-8B0B-8A986D5AA559}.Debug|Any CPU.ActiveCfg = Debug|Any CPU
		{A19BC7C2-0607-4594-8B0B-8A986D5AA559}.Debug|Any CPU.Build.0 = Debug|Any CPU
		{A19BC7C2-0607-4594-8B0B-8A986D5AA559}.Release|Any CPU.ActiveCfg = Release|Any CPU
		{A19BC7C2-0607-4594-8B0B-8A986D5AA559}.Release|Any CPU.Build.0 = Release|Any CPU
		{548202AC-79A2-4D4A-9B92-660E7337D936}.Debug|Any CPU.ActiveCfg = Debug|Any CPU
		{548202AC-79A2-4D4A-9B92-660E7337D936}.Debug|Any CPU.Build.0 = Debug|Any CPU
		{548202AC-79A2-4D4A-9B92-660E7337D936}.Release|Any CPU.ActiveCfg = Release|Any CPU
		{548202AC-79A2-4D4A-9B92-660E7337D936}.Release|Any CPU.Build.0 = Release|Any CPU
		{AAFA6551-682A-4891-AED7-806129765C4F}.Debug|Any CPU.ActiveCfg = Debug|Any CPU
		{AAFA6551-682A-4891-AED7-806129765C4F}.Debug|Any CPU.Build.0 = Debug|Any CPU
		{AAFA6551-682A-4891-AED7-806129765C4F}.Release|Any CPU.ActiveCfg = Release|Any CPU
		{AAFA6551-682A-4891-AED7-806129765C4F}.Release|Any CPU.Build.0 = Release|Any CPU
		{10AB2628-1316-4E3A-8ECD-232C69951BFF}.Debug|Any CPU.ActiveCfg = Debug|Any CPU
		{10AB2628-1316-4E3A-8ECD-232C69951BFF}.Debug|Any CPU.Build.0 = Debug|Any CPU
		{10AB2628-1316-4E3A-8ECD-232C69951BFF}.Release|Any CPU.ActiveCfg = Release|Any CPU
		{10AB2628-1316-4E3A-8ECD-232C69951BFF}.Release|Any CPU.Build.0 = Release|Any CPU
		{DB999BD4-4A0B-44D2-BE17-14056DE4A3FE}.Debug|Any CPU.ActiveCfg = Debug|Any CPU
		{DB999BD4-4A0B-44D2-BE17-14056DE4A3FE}.Debug|Any CPU.Build.0 = Debug|Any CPU
		{DB999BD4-4A0B-44D2-BE17-14056DE4A3FE}.Release|Any CPU.ActiveCfg = Release|Any CPU
		{DB999BD4-4A0B-44D2-BE17-14056DE4A3FE}.Release|Any CPU.Build.0 = Release|Any CPU
		{0BFAB29E-E6E4-49D2-BA46-29E7B065C58F}.Debug|Any CPU.ActiveCfg = Debug|Any CPU
		{0BFAB29E-E6E4-49D2-BA46-29E7B065C58F}.Debug|Any CPU.Build.0 = Debug|Any CPU
		{0BFAB29E-E6E4-49D2-BA46-29E7B065C58F}.Release|Any CPU.ActiveCfg = Release|Any CPU
		{0BFAB29E-E6E4-49D2-BA46-29E7B065C58F}.Release|Any CPU.Build.0 = Release|Any CPU
		{781141D4-7D2D-42B4-8354-079F2499BC46}.Debug|Any CPU.ActiveCfg = Debug|Any CPU
		{781141D4-7D2D-42B4-8354-079F2499BC46}.Debug|Any CPU.Build.0 = Debug|Any CPU
		{781141D4-7D2D-42B4-8354-079F2499BC46}.Release|Any CPU.ActiveCfg = Release|Any CPU
		{781141D4-7D2D-42B4-8354-079F2499BC46}.Release|Any CPU.Build.0 = Release|Any CPU
		{F6942A8F-1BD4-450C-88EA-2AA163A52CB8}.Debug|Any CPU.ActiveCfg = Debug|Any CPU
		{F6942A8F-1BD4-450C-88EA-2AA163A52CB8}.Debug|Any CPU.Build.0 = Debug|Any CPU
		{F6942A8F-1BD4-450C-88EA-2AA163A52CB8}.Release|Any CPU.ActiveCfg = Release|Any CPU
		{F6942A8F-1BD4-450C-88EA-2AA163A52CB8}.Release|Any CPU.Build.0 = Release|Any CPU
		{6637C0E4-BC58-433D-9BEC-C8A4F75885E3}.Debug|Any CPU.ActiveCfg = Debug|Any CPU
		{6637C0E4-BC58-433D-9BEC-C8A4F75885E3}.Debug|Any CPU.Build.0 = Debug|Any CPU
		{6637C0E4-BC58-433D-9BEC-C8A4F75885E3}.Release|Any CPU.ActiveCfg = Release|Any CPU
		{6637C0E4-BC58-433D-9BEC-C8A4F75885E3}.Release|Any CPU.Build.0 = Release|Any CPU
		{9BC0EADF-A827-4A1D-8FFA-6521D7AFFB23}.Debug|Any CPU.ActiveCfg = Debug|Any CPU
		{9BC0EADF-A827-4A1D-8FFA-6521D7AFFB23}.Debug|Any CPU.Build.0 = Debug|Any CPU
		{9BC0EADF-A827-4A1D-8FFA-6521D7AFFB23}.Release|Any CPU.ActiveCfg = Release|Any CPU
		{9BC0EADF-A827-4A1D-8FFA-6521D7AFFB23}.Release|Any CPU.Build.0 = Release|Any CPU
		{CED83A8D-5884-4D3A-93BE-86ACC3BFDB29}.Debug|Any CPU.ActiveCfg = Debug|Any CPU
		{CED83A8D-5884-4D3A-93BE-86ACC3BFDB29}.Debug|Any CPU.Build.0 = Debug|Any CPU
		{CED83A8D-5884-4D3A-93BE-86ACC3BFDB29}.Release|Any CPU.ActiveCfg = Release|Any CPU
		{CED83A8D-5884-4D3A-93BE-86ACC3BFDB29}.Release|Any CPU.Build.0 = Release|Any CPU
		{05AFD957-01A6-4644-B098-A94FCF60EEBC}.Debug|Any CPU.ActiveCfg = Debug|Any CPU
		{05AFD957-01A6-4644-B098-A94FCF60EEBC}.Debug|Any CPU.Build.0 = Debug|Any CPU
		{05AFD957-01A6-4644-B098-A94FCF60EEBC}.Release|Any CPU.ActiveCfg = Release|Any CPU
		{05AFD957-01A6-4644-B098-A94FCF60EEBC}.Release|Any CPU.Build.0 = Release|Any CPU
		{8EB85029-3E12-48AF-88D4-26E74A9719C4}.Debug|Any CPU.ActiveCfg = Debug|Any CPU
		{8EB85029-3E12-48AF-88D4-26E74A9719C4}.Debug|Any CPU.Build.0 = Debug|Any CPU
		{8EB85029-3E12-48AF-88D4-26E74A9719C4}.Release|Any CPU.ActiveCfg = Release|Any CPU
		{8EB85029-3E12-48AF-88D4-26E74A9719C4}.Release|Any CPU.Build.0 = Release|Any CPU
		{7BB16EFB-DF87-44D8-9BE1-D05C537DB49E}.Debug|Any CPU.ActiveCfg = Debug|Any CPU
		{7BB16EFB-DF87-44D8-9BE1-D05C537DB49E}.Debug|Any CPU.Build.0 = Debug|Any CPU
		{7BB16EFB-DF87-44D8-9BE1-D05C537DB49E}.Release|Any CPU.ActiveCfg = Release|Any CPU
		{7BB16EFB-DF87-44D8-9BE1-D05C537DB49E}.Release|Any CPU.Build.0 = Release|Any CPU
		{71AA4A84-305D-4C19-BB53-B92F42EF25BC}.Debug|Any CPU.ActiveCfg = Debug|Any CPU
		{71AA4A84-305D-4C19-BB53-B92F42EF25BC}.Debug|Any CPU.Build.0 = Debug|Any CPU
		{71AA4A84-305D-4C19-BB53-B92F42EF25BC}.Release|Any CPU.ActiveCfg = Release|Any CPU
		{71AA4A84-305D-4C19-BB53-B92F42EF25BC}.Release|Any CPU.Build.0 = Release|Any CPU
		{3D2F5387-6EA2-4A5B-99FD-F0730EC6B1AE}.Debug|Any CPU.ActiveCfg = Debug|Any CPU
		{3D2F5387-6EA2-4A5B-99FD-F0730EC6B1AE}.Debug|Any CPU.Build.0 = Debug|Any CPU
		{3D2F5387-6EA2-4A5B-99FD-F0730EC6B1AE}.Release|Any CPU.ActiveCfg = Release|Any CPU
		{3D2F5387-6EA2-4A5B-99FD-F0730EC6B1AE}.Release|Any CPU.Build.0 = Release|Any CPU
	EndGlobalSection
	GlobalSection(SolutionProperties) = preSolution
		HideSolutionNode = FALSE
	EndGlobalSection
	GlobalSection(ExtensibilityGlobals) = postSolution
		SolutionGuid = {78811CD0-7C92-4757-B2C4-CD36038A1552}
	EndGlobalSection
EndGlobal
