
Microsoft Visual Studio Solution File, Format Version 12.00
# Visual Studio Version 17
VisualStudioVersion = 17.2.32630.192
MinimumVisualStudioVersion = 10.0.40219.1
Project("{9A19103F-16F7-4668-BE54-9A1E7A4F7556}") = "R5T.L0036.Construction", "R5T.L0036.Construction\R5T.L0036.Construction.csproj", "{E621C56B-1D1F-4A66-BC68-2860057F7E6B}"
EndProject
Project("{9A19103F-16F7-4668-BE54-9A1E7A4F7556}") = "R5T.L0036", "R5T.L0036\R5T.L0036.csproj", "{C07C1E74-D3B7-4C4B-8BF5-9871175BB5E7}"
EndProject
Project("{2150E333-8FDC-42A3-9474-1A3956D46DE8}") = "_Dependencies", "_Dependencies", "{B402F0CD-36DB-43D9-8A9F-8FA4AB644DCD}"
EndProject
Project("{9A19103F-16F7-4668-BE54-9A1E7A4F7556}") = "R5T.T0137", "..\..\R5T.T0137\source\R5T.T0137\R5T.T0137.csproj", "{7A5EB9BE-2EE4-40BA-A616-EFA1EAD399C4}"
EndProject
Project("{9A19103F-16F7-4668-BE54-9A1E7A4F7556}") = "R5T.T0143", "..\..\R5T.T0143\source\R5T.T0143\R5T.T0143.csproj", "{2F4F48EE-3F89-4D70-8AC2-8D99E8E55C06}"
EndProject
Project("{9A19103F-16F7-4668-BE54-9A1E7A4F7556}") = "R5T.F0000", "..\..\R5T.F0000\source\R5T.F0000\R5T.F0000.csproj", "{DFBBC8EB-DCA6-4560-A6F4-65FA0796182B}"
EndProject
Project("{9A19103F-16F7-4668-BE54-9A1E7A4F7556}") = "R5T.F0002", "..\..\R5T.F0002\source\R5T.F0002\R5T.F0002.csproj", "{666E488C-68B4-49D0-99B0-3EC7F871CB55}"
EndProject
Project("{9A19103F-16F7-4668-BE54-9A1E7A4F7556}") = "R5T.F0120", "..\..\R5T.F0120\source\R5T.F0120\R5T.F0120.csproj", "{CCC2BA7E-49A4-465D-A12E-44DB594DBAAF}"
EndProject
Project("{9A19103F-16F7-4668-BE54-9A1E7A4F7556}") = "R5T.F0124", "..\..\R5T.F0124\source\R5T.F0124\R5T.F0124.csproj", "{61E058E9-1163-4F64-A7D3-B0DEF3E6B996}"
EndProject
Project("{9A19103F-16F7-4668-BE54-9A1E7A4F7556}") = "R5T.L0030.T000", "..\..\R5T.L0030\source\R5T.L0030.T000\R5T.L0030.T000.csproj", "{C6CD6EEE-F602-40B5-A140-D50BCB559A7F}"
EndProject
Project("{9A19103F-16F7-4668-BE54-9A1E7A4F7556}") = "R5T.L0030", "..\..\R5T.L0030\source\R5T.L0030\R5T.L0030.csproj", "{8C3EF5E4-1E37-4EF4-9D6A-8D2393F1A621}"
EndProject
Project("{9A19103F-16F7-4668-BE54-9A1E7A4F7556}") = "R5T.L0034", "..\..\R5T.L0034\source\R5T.L0034\R5T.L0034.csproj", "{0B9778E6-01B9-4114-A19A-293963388496}"
EndProject
Project("{9A19103F-16F7-4668-BE54-9A1E7A4F7556}") = "R5T.T0131", "..\..\R5T.T0131\source\R5T.T0131\R5T.T0131.csproj", "{0069A884-8408-4944-93D2-75B28B138BFE}"
EndProject
Project("{9A19103F-16F7-4668-BE54-9A1E7A4F7556}") = "R5T.T0132", "..\..\R5T.T0132\source\R5T.T0132\R5T.T0132.csproj", "{29F25975-4CF3-4470-8775-71FD08F7158E}"
EndProject
Project("{9A19103F-16F7-4668-BE54-9A1E7A4F7556}") = "R5T.T0142", "..\..\R5T.T0142\source\R5T.T0142\R5T.T0142.csproj", "{AF9D3F01-3368-4F05-81F7-18F344D8E60E}"
EndProject
Project("{9A19103F-16F7-4668-BE54-9A1E7A4F7556}") = "R5T.T0156", "..\..\R5T.T0156\source\R5T.T0156\R5T.T0156.csproj", "{76D3797A-631D-4118-8A8E-AD17E5E4EE15}"
EndProject
Project("{9A19103F-16F7-4668-BE54-9A1E7A4F7556}") = "R5T.T0178", "..\..\R5T.T0178\source\R5T.T0178\R5T.T0178.csproj", "{E83CD89C-9D3E-42ED-B168-0D901A67F6A6}"
EndProject
Project("{9A19103F-16F7-4668-BE54-9A1E7A4F7556}") = "R5T.T0179", "..\..\R5T.T0179\source\R5T.T0179\R5T.T0179.csproj", "{746824B4-8A1D-40D5-914B-8CFD64F7D88E}"
EndProject
Project("{9A19103F-16F7-4668-BE54-9A1E7A4F7556}") = "R5T.T0180", "..\..\R5T.T0180\source\R5T.T0180\R5T.T0180.csproj", "{D75B6939-9C93-4E20-AB21-31E252CDE061}"
EndProject
Project("{9A19103F-16F7-4668-BE54-9A1E7A4F7556}") = "R5T.T0181", "..\..\R5T.T0181\source\R5T.T0181\R5T.T0181.csproj", "{42ECE866-BA66-4401-9ACC-9FC9B2AC8CC0}"
EndProject
Project("{9A19103F-16F7-4668-BE54-9A1E7A4F7556}") = "R5T.Y0000", "..\..\R5T.Y0000\source\R5T.Y0000\R5T.Y0000.csproj", "{A88F1F03-5480-4F1A-BE9A-1E82C006E968}"
EndProject
Project("{9A19103F-16F7-4668-BE54-9A1E7A4F7556}") = "R5T.Z0000", "..\..\R5T.Z0000\source\R5T.Z0000\R5T.Z0000.csproj", "{94F0B145-9359-4A38-9604-8592A8AEC7C5}"
EndProject
Project("{9A19103F-16F7-4668-BE54-9A1E7A4F7556}") = "R5T.L0031.T000", "..\..\R5T.L0031\source\R5T.L0031.T000\R5T.L0031.T000.csproj", "{FE6CE239-59DE-4B1A-B53B-02DC7FD3E246}"
EndProject
Project("{9A19103F-16F7-4668-BE54-9A1E7A4F7556}") = "R5T.L0031", "..\..\R5T.L0031\source\R5T.L0031\R5T.L0031.csproj", "{219ADCAC-B272-4D78-B277-B6FC8BFB95C2}"
EndProject
Project("{9A19103F-16F7-4668-BE54-9A1E7A4F7556}") = "R5T.F0041", "..\..\R5T.F0041\source\R5T.F0041\R5T.F0041.csproj", "{66CC7849-2637-4D9E-BBA9-DFA40E6FA5BD}"
EndProject
Project("{9A19103F-16F7-4668-BE54-9A1E7A4F7556}") = "R5T.F0019", "..\..\R5T.F0019\source\R5T.F0019\R5T.F0019.csproj", "{8AD97BD8-2597-4D23-A59C-978DCBCBFEAD}"
EndProject
Project("{9A19103F-16F7-4668-BE54-9A1E7A4F7556}") = "R5T.F0032", "..\..\R5T.F0032\source\R5T.F0032\R5T.F0032.csproj", "{94643B70-9BBA-48CD-A6EF-E1905CAC36D6}"
EndProject
Project("{9A19103F-16F7-4668-BE54-9A1E7A4F7556}") = "R5T.F0044", "..\..\R5T.F0044\source\R5T.F0044\R5T.F0044.csproj", "{F35851DA-3CB5-4497-BEA8-C54A5514EE48}"
EndProject
Project("{9A19103F-16F7-4668-BE54-9A1E7A4F7556}") = "R5T.F0046", "..\..\R5T.F0046\source\R5T.F0046\R5T.F0046.csproj", "{5E1C19B4-F5C7-41CB-A65F-169740151F4B}"
EndProject
Project("{9A19103F-16F7-4668-BE54-9A1E7A4F7556}") = "R5T.F0047", "..\..\R5T.F0047\source\R5T.F0047\R5T.F0047.csproj", "{7EF3D812-7C3B-4477-A119-7FB6A4824059}"
EndProject
Project("{9A19103F-16F7-4668-BE54-9A1E7A4F7556}") = "R5T.F0057", "..\..\R5T.F0057\source\R5T.F0057\R5T.F0057.csproj", "{EFF88A98-FB8B-45BB-A859-385C299C460E}"
EndProject
Project("{9A19103F-16F7-4668-BE54-9A1E7A4F7556}") = "R5T.L0001.Y000", "..\..\R5T.L0001\source\R5T.L0001.Y000\R5T.L0001.Y000.csproj", "{1FD1F8B1-D899-44B4-BE96-E8A48D5842BB}"
EndProject
Project("{9A19103F-16F7-4668-BE54-9A1E7A4F7556}") = "R5T.L0001.Z000", "..\..\R5T.L0001\source\R5T.L0001.Z000\R5T.L0001.Z000.csproj", "{C42B0E28-61CB-4237-B2F9-DEFD2849CBA8}"
EndProject
Project("{9A19103F-16F7-4668-BE54-9A1E7A4F7556}") = "R5T.L0001", "..\..\R5T.L0001\source\R5T.L0001\R5T.L0001.csproj", "{5642112A-8EB8-4839-953A-190684464196}"
EndProject
Project("{9A19103F-16F7-4668-BE54-9A1E7A4F7556}") = "R5T.NG0005", "..\..\R5T.NG0005\source\R5T.NG0005\R5T.NG0005.csproj", "{6AA8F748-DB1F-455F-A4B3-ACFB1C4FEDAF}"
EndProject
Project("{9A19103F-16F7-4668-BE54-9A1E7A4F7556}") = "R5T.NG0006", "..\..\R5T.NG0006\source\R5T.NG0006\R5T.NG0006.csproj", "{583D46AD-A4E7-45F9-83F5-99E3511E593E}"
EndProject
Project("{9A19103F-16F7-4668-BE54-9A1E7A4F7556}") = "R5T.NG0008", "..\..\R5T.NG0008\source\R5T.NG0008\R5T.NG0008.csproj", "{2106FB19-88B5-41AB-BC35-CD7F99610D3D}"
EndProject
Project("{9A19103F-16F7-4668-BE54-9A1E7A4F7556}") = "R5T.T0046", "..\..\R5T.T0046\source\R5T.T0046\R5T.T0046.csproj", "{E46753B9-40F6-4D98-9384-8C81143911B6}"
EndProject
Project("{9A19103F-16F7-4668-BE54-9A1E7A4F7556}") = "R5T.T0144", "..\..\R5T.T0144\source\R5T.T0144\R5T.T0144.csproj", "{9B6BAF40-8A94-4275-99A1-758A6C741C8B}"
EndProject
Project("{9A19103F-16F7-4668-BE54-9A1E7A4F7556}") = "R5T.Y0004", "..\..\R5T.Y0004\source\R5T.Y0004\R5T.Y0004.csproj", "{007DAEE8-EE11-42C4-AC4A-1718D9E82FD4}"
EndProject
Project("{9A19103F-16F7-4668-BE54-9A1E7A4F7556}") = "R5T.Z0005", "..\..\R5T.Z0005\source\R5T.Z0005\R5T.Z0005.csproj", "{F7277C56-5D2C-4AFD-9B97-55FBC96D3E5A}"
EndProject
Project("{9A19103F-16F7-4668-BE54-9A1E7A4F7556}") = "R5T.Z0013", "..\..\R5T.Z0013\source\R5T.Z0013\R5T.Z0013.csproj", "{2B990A0E-F0F5-4346-AA68-C894ED818F33}"
EndProject
Project("{9A19103F-16F7-4668-BE54-9A1E7A4F7556}") = "R5T.T0141", "..\..\R5T.T0141\source\R5T.T0141\R5T.T0141.csproj", "{D55D5E35-96A7-4526-B5D9-837963B7BC36}"
EndProject
Project("{9A19103F-16F7-4668-BE54-9A1E7A4F7556}") = "R5T.T0184", "..\..\R5T.T0184\source\R5T.T0184\R5T.T0184.csproj", "{70357FBD-6F4A-4A42-A51F-1CB3058620BA}"
EndProject
Project("{9A19103F-16F7-4668-BE54-9A1E7A4F7556}") = "R5T.T0185", "..\..\R5T.T0185\source\R5T.T0185\R5T.T0185.csproj", "{DABCCB9A-791B-428E-BFC1-4B6094DDD26C}"
EndProject
Project("{9A19103F-16F7-4668-BE54-9A1E7A4F7556}") = "R5T.T0186", "..\..\R5T.T0186\source\R5T.T0186\R5T.T0186.csproj", "{A8180421-443A-46B4-9806-6C0C43CD00D4}"
EndProject
Project("{9A19103F-16F7-4668-BE54-9A1E7A4F7556}") = "R5T.F0125", "..\..\R5T.F0125\source\R5T.F0125\R5T.F0125.csproj", "{16C7AE07-1645-40A7-96CF-D21D2D6CAE60}"
EndProject
Project("{9A19103F-16F7-4668-BE54-9A1E7A4F7556}") = "R5T.L0035", "..\..\R5T.L0035\source\R5T.L0035\R5T.L0035.csproj", "{1866A0BA-9BF4-4043-91FF-1CB9D0738451}"
EndProject
Project("{9A19103F-16F7-4668-BE54-9A1E7A4F7556}") = "R5T.L0036.T000", "R5T.L0036.T000\R5T.L0036.T000.csproj", "{86A20DDD-65E2-437B-8930-51465406FA78}"
EndProject
Project("{9A19103F-16F7-4668-BE54-9A1E7A4F7556}") = "R5T.NG0022", "..\..\R5T.NG0022\source\R5T.NG0022\R5T.NG0022.csproj", "{9924348D-5D96-476F-983A-10858D1DCCEA}"
EndProject
Project("{9A19103F-16F7-4668-BE54-9A1E7A4F7556}") = "R5T.T0158", "..\..\R5T.T0158\source\R5T.T0158\R5T.T0158.csproj", "{B55DF026-23F2-461A-BCC5-237DE94C5989}"
EndProject
Project("{9A19103F-16F7-4668-BE54-9A1E7A4F7556}") = "R5T.T0159", "..\..\R5T.T0159\source\R5T.T0159\R5T.T0159.csproj", "{A961F13A-C0BF-4CD2-8140-16DAE5CD22CA}"
EndProject
Project("{9A19103F-16F7-4668-BE54-9A1E7A4F7556}") = "R5T.T0174", "..\..\R5T.T0174\source\R5T.T0174\R5T.T0174.csproj", "{CCE518B0-17A9-4129-95E8-0191B74CB2DE}"
EndProject
Project("{9A19103F-16F7-4668-BE54-9A1E7A4F7556}") = "R5T.T0176", "..\..\R5T.T0176\source\R5T.T0176\R5T.T0176.csproj", "{637C9686-D0A2-4586-9739-6504C9D31DA3}"
EndProject
Project("{9A19103F-16F7-4668-BE54-9A1E7A4F7556}") = "R5T.T0177", "..\..\R5T.T0177\source\R5T.T0177\R5T.T0177.csproj", "{F405B6D8-7B3F-4F23-8764-891E55DE2DEF}"
EndProject
Project("{9A19103F-16F7-4668-BE54-9A1E7A4F7556}") = "R5T.T0198", "..\..\R5T.T0198\source\R5T.T0198\R5T.T0198.csproj", "{6253A28D-3F75-40E7-B515-AF2828B4A854}"
EndProject
Project("{9A19103F-16F7-4668-BE54-9A1E7A4F7556}") = "R5T.T0203", "..\..\R5T.T0203\source\R5T.T0203\R5T.T0203.csproj", "{1E7D30F8-3840-412B-83E2-2DB26C32CF24}"
EndProject
Project("{9A19103F-16F7-4668-BE54-9A1E7A4F7556}") = "R5T.T0209", "..\..\R5T.T0209\source\R5T.T0209\R5T.T0209.csproj", "{ED675440-3EBC-4493-BE36-8A41EA623A1A}"
EndProject
Global
	GlobalSection(NestedProjects) = preSolution
		{7A5EB9BE-2EE4-40BA-A616-EFA1EAD399C4} = {B402F0CD-36DB-43D9-8A9F-8FA4AB644DCD}
		{2F4F48EE-3F89-4D70-8AC2-8D99E8E55C06} = {B402F0CD-36DB-43D9-8A9F-8FA4AB644DCD}
		{DFBBC8EB-DCA6-4560-A6F4-65FA0796182B} = {B402F0CD-36DB-43D9-8A9F-8FA4AB644DCD}
		{666E488C-68B4-49D0-99B0-3EC7F871CB55} = {B402F0CD-36DB-43D9-8A9F-8FA4AB644DCD}
		{CCC2BA7E-49A4-465D-A12E-44DB594DBAAF} = {B402F0CD-36DB-43D9-8A9F-8FA4AB644DCD}
		{61E058E9-1163-4F64-A7D3-B0DEF3E6B996} = {B402F0CD-36DB-43D9-8A9F-8FA4AB644DCD}
		{C6CD6EEE-F602-40B5-A140-D50BCB559A7F} = {B402F0CD-36DB-43D9-8A9F-8FA4AB644DCD}
		{8C3EF5E4-1E37-4EF4-9D6A-8D2393F1A621} = {B402F0CD-36DB-43D9-8A9F-8FA4AB644DCD}
		{0B9778E6-01B9-4114-A19A-293963388496} = {B402F0CD-36DB-43D9-8A9F-8FA4AB644DCD}
		{0069A884-8408-4944-93D2-75B28B138BFE} = {B402F0CD-36DB-43D9-8A9F-8FA4AB644DCD}
		{29F25975-4CF3-4470-8775-71FD08F7158E} = {B402F0CD-36DB-43D9-8A9F-8FA4AB644DCD}
		{AF9D3F01-3368-4F05-81F7-18F344D8E60E} = {B402F0CD-36DB-43D9-8A9F-8FA4AB644DCD}
		{76D3797A-631D-4118-8A8E-AD17E5E4EE15} = {B402F0CD-36DB-43D9-8A9F-8FA4AB644DCD}
		{E83CD89C-9D3E-42ED-B168-0D901A67F6A6} = {B402F0CD-36DB-43D9-8A9F-8FA4AB644DCD}
		{746824B4-8A1D-40D5-914B-8CFD64F7D88E} = {B402F0CD-36DB-43D9-8A9F-8FA4AB644DCD}
		{D75B6939-9C93-4E20-AB21-31E252CDE061} = {B402F0CD-36DB-43D9-8A9F-8FA4AB644DCD}
		{42ECE866-BA66-4401-9ACC-9FC9B2AC8CC0} = {B402F0CD-36DB-43D9-8A9F-8FA4AB644DCD}
		{A88F1F03-5480-4F1A-BE9A-1E82C006E968} = {B402F0CD-36DB-43D9-8A9F-8FA4AB644DCD}
		{94F0B145-9359-4A38-9604-8592A8AEC7C5} = {B402F0CD-36DB-43D9-8A9F-8FA4AB644DCD}
		{FE6CE239-59DE-4B1A-B53B-02DC7FD3E246} = {B402F0CD-36DB-43D9-8A9F-8FA4AB644DCD}
		{219ADCAC-B272-4D78-B277-B6FC8BFB95C2} = {B402F0CD-36DB-43D9-8A9F-8FA4AB644DCD}
		{66CC7849-2637-4D9E-BBA9-DFA40E6FA5BD} = {B402F0CD-36DB-43D9-8A9F-8FA4AB644DCD}
		{8AD97BD8-2597-4D23-A59C-978DCBCBFEAD} = {B402F0CD-36DB-43D9-8A9F-8FA4AB644DCD}
		{94643B70-9BBA-48CD-A6EF-E1905CAC36D6} = {B402F0CD-36DB-43D9-8A9F-8FA4AB644DCD}
		{F35851DA-3CB5-4497-BEA8-C54A5514EE48} = {B402F0CD-36DB-43D9-8A9F-8FA4AB644DCD}
		{5E1C19B4-F5C7-41CB-A65F-169740151F4B} = {B402F0CD-36DB-43D9-8A9F-8FA4AB644DCD}
		{7EF3D812-7C3B-4477-A119-7FB6A4824059} = {B402F0CD-36DB-43D9-8A9F-8FA4AB644DCD}
		{EFF88A98-FB8B-45BB-A859-385C299C460E} = {B402F0CD-36DB-43D9-8A9F-8FA4AB644DCD}
		{1FD1F8B1-D899-44B4-BE96-E8A48D5842BB} = {B402F0CD-36DB-43D9-8A9F-8FA4AB644DCD}
		{C42B0E28-61CB-4237-B2F9-DEFD2849CBA8} = {B402F0CD-36DB-43D9-8A9F-8FA4AB644DCD}
		{5642112A-8EB8-4839-953A-190684464196} = {B402F0CD-36DB-43D9-8A9F-8FA4AB644DCD}
		{6AA8F748-DB1F-455F-A4B3-ACFB1C4FEDAF} = {B402F0CD-36DB-43D9-8A9F-8FA4AB644DCD}
		{583D46AD-A4E7-45F9-83F5-99E3511E593E} = {B402F0CD-36DB-43D9-8A9F-8FA4AB644DCD}
		{2106FB19-88B5-41AB-BC35-CD7F99610D3D} = {B402F0CD-36DB-43D9-8A9F-8FA4AB644DCD}
		{E46753B9-40F6-4D98-9384-8C81143911B6} = {B402F0CD-36DB-43D9-8A9F-8FA4AB644DCD}
		{9B6BAF40-8A94-4275-99A1-758A6C741C8B} = {B402F0CD-36DB-43D9-8A9F-8FA4AB644DCD}
		{007DAEE8-EE11-42C4-AC4A-1718D9E82FD4} = {B402F0CD-36DB-43D9-8A9F-8FA4AB644DCD}
		{F7277C56-5D2C-4AFD-9B97-55FBC96D3E5A} = {B402F0CD-36DB-43D9-8A9F-8FA4AB644DCD}
		{2B990A0E-F0F5-4346-AA68-C894ED818F33} = {B402F0CD-36DB-43D9-8A9F-8FA4AB644DCD}
		{D55D5E35-96A7-4526-B5D9-837963B7BC36} = {B402F0CD-36DB-43D9-8A9F-8FA4AB644DCD}
		{70357FBD-6F4A-4A42-A51F-1CB3058620BA} = {B402F0CD-36DB-43D9-8A9F-8FA4AB644DCD}
		{DABCCB9A-791B-428E-BFC1-4B6094DDD26C} = {B402F0CD-36DB-43D9-8A9F-8FA4AB644DCD}
		{A8180421-443A-46B4-9806-6C0C43CD00D4} = {B402F0CD-36DB-43D9-8A9F-8FA4AB644DCD}
		{16C7AE07-1645-40A7-96CF-D21D2D6CAE60} = {B402F0CD-36DB-43D9-8A9F-8FA4AB644DCD}
		{1866A0BA-9BF4-4043-91FF-1CB9D0738451} = {B402F0CD-36DB-43D9-8A9F-8FA4AB644DCD}
		{86A20DDD-65E2-437B-8930-51465406FA78} = {B402F0CD-36DB-43D9-8A9F-8FA4AB644DCD}
		{9924348D-5D96-476F-983A-10858D1DCCEA} = {B402F0CD-36DB-43D9-8A9F-8FA4AB644DCD}
		{B55DF026-23F2-461A-BCC5-237DE94C5989} = {B402F0CD-36DB-43D9-8A9F-8FA4AB644DCD}
		{A961F13A-C0BF-4CD2-8140-16DAE5CD22CA} = {B402F0CD-36DB-43D9-8A9F-8FA4AB644DCD}
		{CCE518B0-17A9-4129-95E8-0191B74CB2DE} = {B402F0CD-36DB-43D9-8A9F-8FA4AB644DCD}
		{637C9686-D0A2-4586-9739-6504C9D31DA3} = {B402F0CD-36DB-43D9-8A9F-8FA4AB644DCD}
		{F405B6D8-7B3F-4F23-8764-891E55DE2DEF} = {B402F0CD-36DB-43D9-8A9F-8FA4AB644DCD}
		{6253A28D-3F75-40E7-B515-AF2828B4A854} = {B402F0CD-36DB-43D9-8A9F-8FA4AB644DCD}
		{1E7D30F8-3840-412B-83E2-2DB26C32CF24} = {B402F0CD-36DB-43D9-8A9F-8FA4AB644DCD}
		{ED675440-3EBC-4493-BE36-8A41EA623A1A} = {B402F0CD-36DB-43D9-8A9F-8FA4AB644DCD}
	EndGlobalSection
	GlobalSection(SolutionConfigurationPlatforms) = preSolution
		Debug|Any CPU = Debug|Any CPU
		Release|Any CPU = Release|Any CPU
	EndGlobalSection
	GlobalSection(ProjectConfigurationPlatforms) = postSolution
		{E621C56B-1D1F-4A66-BC68-2860057F7E6B}.Debug|Any CPU.ActiveCfg = Debug|Any CPU
		{E621C56B-1D1F-4A66-BC68-2860057F7E6B}.Debug|Any CPU.Build.0 = Debug|Any CPU
		{E621C56B-1D1F-4A66-BC68-2860057F7E6B}.Release|Any CPU.ActiveCfg = Release|Any CPU
		{E621C56B-1D1F-4A66-BC68-2860057F7E6B}.Release|Any CPU.Build.0 = Release|Any CPU
		{C07C1E74-D3B7-4C4B-8BF5-9871175BB5E7}.Debug|Any CPU.ActiveCfg = Debug|Any CPU
		{C07C1E74-D3B7-4C4B-8BF5-9871175BB5E7}.Debug|Any CPU.Build.0 = Debug|Any CPU
		{C07C1E74-D3B7-4C4B-8BF5-9871175BB5E7}.Release|Any CPU.ActiveCfg = Release|Any CPU
		{C07C1E74-D3B7-4C4B-8BF5-9871175BB5E7}.Release|Any CPU.Build.0 = Release|Any CPU
		{7A5EB9BE-2EE4-40BA-A616-EFA1EAD399C4}.Debug|Any CPU.ActiveCfg = Debug|Any CPU
		{7A5EB9BE-2EE4-40BA-A616-EFA1EAD399C4}.Debug|Any CPU.Build.0 = Debug|Any CPU
		{7A5EB9BE-2EE4-40BA-A616-EFA1EAD399C4}.Release|Any CPU.ActiveCfg = Release|Any CPU
		{7A5EB9BE-2EE4-40BA-A616-EFA1EAD399C4}.Release|Any CPU.Build.0 = Release|Any CPU
		{2F4F48EE-3F89-4D70-8AC2-8D99E8E55C06}.Debug|Any CPU.ActiveCfg = Debug|Any CPU
		{2F4F48EE-3F89-4D70-8AC2-8D99E8E55C06}.Debug|Any CPU.Build.0 = Debug|Any CPU
		{2F4F48EE-3F89-4D70-8AC2-8D99E8E55C06}.Release|Any CPU.ActiveCfg = Release|Any CPU
		{2F4F48EE-3F89-4D70-8AC2-8D99E8E55C06}.Release|Any CPU.Build.0 = Release|Any CPU
		{DFBBC8EB-DCA6-4560-A6F4-65FA0796182B}.Debug|Any CPU.ActiveCfg = Debug|Any CPU
		{DFBBC8EB-DCA6-4560-A6F4-65FA0796182B}.Debug|Any CPU.Build.0 = Debug|Any CPU
		{DFBBC8EB-DCA6-4560-A6F4-65FA0796182B}.Release|Any CPU.ActiveCfg = Release|Any CPU
		{DFBBC8EB-DCA6-4560-A6F4-65FA0796182B}.Release|Any CPU.Build.0 = Release|Any CPU
		{666E488C-68B4-49D0-99B0-3EC7F871CB55}.Debug|Any CPU.ActiveCfg = Debug|Any CPU
		{666E488C-68B4-49D0-99B0-3EC7F871CB55}.Debug|Any CPU.Build.0 = Debug|Any CPU
		{666E488C-68B4-49D0-99B0-3EC7F871CB55}.Release|Any CPU.ActiveCfg = Release|Any CPU
		{666E488C-68B4-49D0-99B0-3EC7F871CB55}.Release|Any CPU.Build.0 = Release|Any CPU
		{CCC2BA7E-49A4-465D-A12E-44DB594DBAAF}.Debug|Any CPU.ActiveCfg = Debug|Any CPU
		{CCC2BA7E-49A4-465D-A12E-44DB594DBAAF}.Debug|Any CPU.Build.0 = Debug|Any CPU
		{CCC2BA7E-49A4-465D-A12E-44DB594DBAAF}.Release|Any CPU.ActiveCfg = Release|Any CPU
		{CCC2BA7E-49A4-465D-A12E-44DB594DBAAF}.Release|Any CPU.Build.0 = Release|Any CPU
		{61E058E9-1163-4F64-A7D3-B0DEF3E6B996}.Debug|Any CPU.ActiveCfg = Debug|Any CPU
		{61E058E9-1163-4F64-A7D3-B0DEF3E6B996}.Debug|Any CPU.Build.0 = Debug|Any CPU
		{61E058E9-1163-4F64-A7D3-B0DEF3E6B996}.Release|Any CPU.ActiveCfg = Release|Any CPU
		{61E058E9-1163-4F64-A7D3-B0DEF3E6B996}.Release|Any CPU.Build.0 = Release|Any CPU
		{C6CD6EEE-F602-40B5-A140-D50BCB559A7F}.Debug|Any CPU.ActiveCfg = Debug|Any CPU
		{C6CD6EEE-F602-40B5-A140-D50BCB559A7F}.Debug|Any CPU.Build.0 = Debug|Any CPU
		{C6CD6EEE-F602-40B5-A140-D50BCB559A7F}.Release|Any CPU.ActiveCfg = Release|Any CPU
		{C6CD6EEE-F602-40B5-A140-D50BCB559A7F}.Release|Any CPU.Build.0 = Release|Any CPU
		{8C3EF5E4-1E37-4EF4-9D6A-8D2393F1A621}.Debug|Any CPU.ActiveCfg = Debug|Any CPU
		{8C3EF5E4-1E37-4EF4-9D6A-8D2393F1A621}.Debug|Any CPU.Build.0 = Debug|Any CPU
		{8C3EF5E4-1E37-4EF4-9D6A-8D2393F1A621}.Release|Any CPU.ActiveCfg = Release|Any CPU
		{8C3EF5E4-1E37-4EF4-9D6A-8D2393F1A621}.Release|Any CPU.Build.0 = Release|Any CPU
		{0B9778E6-01B9-4114-A19A-293963388496}.Debug|Any CPU.ActiveCfg = Debug|Any CPU
		{0B9778E6-01B9-4114-A19A-293963388496}.Debug|Any CPU.Build.0 = Debug|Any CPU
		{0B9778E6-01B9-4114-A19A-293963388496}.Release|Any CPU.ActiveCfg = Release|Any CPU
		{0B9778E6-01B9-4114-A19A-293963388496}.Release|Any CPU.Build.0 = Release|Any CPU
		{0069A884-8408-4944-93D2-75B28B138BFE}.Debug|Any CPU.ActiveCfg = Debug|Any CPU
		{0069A884-8408-4944-93D2-75B28B138BFE}.Debug|Any CPU.Build.0 = Debug|Any CPU
		{0069A884-8408-4944-93D2-75B28B138BFE}.Release|Any CPU.ActiveCfg = Release|Any CPU
		{0069A884-8408-4944-93D2-75B28B138BFE}.Release|Any CPU.Build.0 = Release|Any CPU
		{29F25975-4CF3-4470-8775-71FD08F7158E}.Debug|Any CPU.ActiveCfg = Debug|Any CPU
		{29F25975-4CF3-4470-8775-71FD08F7158E}.Debug|Any CPU.Build.0 = Debug|Any CPU
		{29F25975-4CF3-4470-8775-71FD08F7158E}.Release|Any CPU.ActiveCfg = Release|Any CPU
		{29F25975-4CF3-4470-8775-71FD08F7158E}.Release|Any CPU.Build.0 = Release|Any CPU
		{AF9D3F01-3368-4F05-81F7-18F344D8E60E}.Debug|Any CPU.ActiveCfg = Debug|Any CPU
		{AF9D3F01-3368-4F05-81F7-18F344D8E60E}.Debug|Any CPU.Build.0 = Debug|Any CPU
		{AF9D3F01-3368-4F05-81F7-18F344D8E60E}.Release|Any CPU.ActiveCfg = Release|Any CPU
		{AF9D3F01-3368-4F05-81F7-18F344D8E60E}.Release|Any CPU.Build.0 = Release|Any CPU
		{76D3797A-631D-4118-8A8E-AD17E5E4EE15}.Debug|Any CPU.ActiveCfg = Debug|Any CPU
		{76D3797A-631D-4118-8A8E-AD17E5E4EE15}.Debug|Any CPU.Build.0 = Debug|Any CPU
		{76D3797A-631D-4118-8A8E-AD17E5E4EE15}.Release|Any CPU.ActiveCfg = Release|Any CPU
		{76D3797A-631D-4118-8A8E-AD17E5E4EE15}.Release|Any CPU.Build.0 = Release|Any CPU
		{E83CD89C-9D3E-42ED-B168-0D901A67F6A6}.Debug|Any CPU.ActiveCfg = Debug|Any CPU
		{E83CD89C-9D3E-42ED-B168-0D901A67F6A6}.Debug|Any CPU.Build.0 = Debug|Any CPU
		{E83CD89C-9D3E-42ED-B168-0D901A67F6A6}.Release|Any CPU.ActiveCfg = Release|Any CPU
		{E83CD89C-9D3E-42ED-B168-0D901A67F6A6}.Release|Any CPU.Build.0 = Release|Any CPU
		{746824B4-8A1D-40D5-914B-8CFD64F7D88E}.Debug|Any CPU.ActiveCfg = Debug|Any CPU
		{746824B4-8A1D-40D5-914B-8CFD64F7D88E}.Debug|Any CPU.Build.0 = Debug|Any CPU
		{746824B4-8A1D-40D5-914B-8CFD64F7D88E}.Release|Any CPU.ActiveCfg = Release|Any CPU
		{746824B4-8A1D-40D5-914B-8CFD64F7D88E}.Release|Any CPU.Build.0 = Release|Any CPU
		{D75B6939-9C93-4E20-AB21-31E252CDE061}.Debug|Any CPU.ActiveCfg = Debug|Any CPU
		{D75B6939-9C93-4E20-AB21-31E252CDE061}.Debug|Any CPU.Build.0 = Debug|Any CPU
		{D75B6939-9C93-4E20-AB21-31E252CDE061}.Release|Any CPU.ActiveCfg = Release|Any CPU
		{D75B6939-9C93-4E20-AB21-31E252CDE061}.Release|Any CPU.Build.0 = Release|Any CPU
		{42ECE866-BA66-4401-9ACC-9FC9B2AC8CC0}.Debug|Any CPU.ActiveCfg = Debug|Any CPU
		{42ECE866-BA66-4401-9ACC-9FC9B2AC8CC0}.Debug|Any CPU.Build.0 = Debug|Any CPU
		{42ECE866-BA66-4401-9ACC-9FC9B2AC8CC0}.Release|Any CPU.ActiveCfg = Release|Any CPU
		{42ECE866-BA66-4401-9ACC-9FC9B2AC8CC0}.Release|Any CPU.Build.0 = Release|Any CPU
		{A88F1F03-5480-4F1A-BE9A-1E82C006E968}.Debug|Any CPU.ActiveCfg = Debug|Any CPU
		{A88F1F03-5480-4F1A-BE9A-1E82C006E968}.Debug|Any CPU.Build.0 = Debug|Any CPU
		{A88F1F03-5480-4F1A-BE9A-1E82C006E968}.Release|Any CPU.ActiveCfg = Release|Any CPU
		{A88F1F03-5480-4F1A-BE9A-1E82C006E968}.Release|Any CPU.Build.0 = Release|Any CPU
		{94F0B145-9359-4A38-9604-8592A8AEC7C5}.Debug|Any CPU.ActiveCfg = Debug|Any CPU
		{94F0B145-9359-4A38-9604-8592A8AEC7C5}.Debug|Any CPU.Build.0 = Debug|Any CPU
		{94F0B145-9359-4A38-9604-8592A8AEC7C5}.Release|Any CPU.ActiveCfg = Release|Any CPU
		{94F0B145-9359-4A38-9604-8592A8AEC7C5}.Release|Any CPU.Build.0 = Release|Any CPU
		{FE6CE239-59DE-4B1A-B53B-02DC7FD3E246}.Debug|Any CPU.ActiveCfg = Debug|Any CPU
		{FE6CE239-59DE-4B1A-B53B-02DC7FD3E246}.Debug|Any CPU.Build.0 = Debug|Any CPU
		{FE6CE239-59DE-4B1A-B53B-02DC7FD3E246}.Release|Any CPU.ActiveCfg = Release|Any CPU
		{FE6CE239-59DE-4B1A-B53B-02DC7FD3E246}.Release|Any CPU.Build.0 = Release|Any CPU
		{219ADCAC-B272-4D78-B277-B6FC8BFB95C2}.Debug|Any CPU.ActiveCfg = Debug|Any CPU
		{219ADCAC-B272-4D78-B277-B6FC8BFB95C2}.Debug|Any CPU.Build.0 = Debug|Any CPU
		{219ADCAC-B272-4D78-B277-B6FC8BFB95C2}.Release|Any CPU.ActiveCfg = Release|Any CPU
		{219ADCAC-B272-4D78-B277-B6FC8BFB95C2}.Release|Any CPU.Build.0 = Release|Any CPU
		{66CC7849-2637-4D9E-BBA9-DFA40E6FA5BD}.Debug|Any CPU.ActiveCfg = Debug|Any CPU
		{66CC7849-2637-4D9E-BBA9-DFA40E6FA5BD}.Debug|Any CPU.Build.0 = Debug|Any CPU
		{66CC7849-2637-4D9E-BBA9-DFA40E6FA5BD}.Release|Any CPU.ActiveCfg = Release|Any CPU
		{66CC7849-2637-4D9E-BBA9-DFA40E6FA5BD}.Release|Any CPU.Build.0 = Release|Any CPU
		{8AD97BD8-2597-4D23-A59C-978DCBCBFEAD}.Debug|Any CPU.ActiveCfg = Debug|Any CPU
		{8AD97BD8-2597-4D23-A59C-978DCBCBFEAD}.Debug|Any CPU.Build.0 = Debug|Any CPU
		{8AD97BD8-2597-4D23-A59C-978DCBCBFEAD}.Release|Any CPU.ActiveCfg = Release|Any CPU
		{8AD97BD8-2597-4D23-A59C-978DCBCBFEAD}.Release|Any CPU.Build.0 = Release|Any CPU
		{94643B70-9BBA-48CD-A6EF-E1905CAC36D6}.Debug|Any CPU.ActiveCfg = Debug|Any CPU
		{94643B70-9BBA-48CD-A6EF-E1905CAC36D6}.Debug|Any CPU.Build.0 = Debug|Any CPU
		{94643B70-9BBA-48CD-A6EF-E1905CAC36D6}.Release|Any CPU.ActiveCfg = Release|Any CPU
		{94643B70-9BBA-48CD-A6EF-E1905CAC36D6}.Release|Any CPU.Build.0 = Release|Any CPU
		{F35851DA-3CB5-4497-BEA8-C54A5514EE48}.Debug|Any CPU.ActiveCfg = Debug|Any CPU
		{F35851DA-3CB5-4497-BEA8-C54A5514EE48}.Debug|Any CPU.Build.0 = Debug|Any CPU
		{F35851DA-3CB5-4497-BEA8-C54A5514EE48}.Release|Any CPU.ActiveCfg = Release|Any CPU
		{F35851DA-3CB5-4497-BEA8-C54A5514EE48}.Release|Any CPU.Build.0 = Release|Any CPU
		{5E1C19B4-F5C7-41CB-A65F-169740151F4B}.Debug|Any CPU.ActiveCfg = Debug|Any CPU
		{5E1C19B4-F5C7-41CB-A65F-169740151F4B}.Debug|Any CPU.Build.0 = Debug|Any CPU
		{5E1C19B4-F5C7-41CB-A65F-169740151F4B}.Release|Any CPU.ActiveCfg = Release|Any CPU
		{5E1C19B4-F5C7-41CB-A65F-169740151F4B}.Release|Any CPU.Build.0 = Release|Any CPU
		{7EF3D812-7C3B-4477-A119-7FB6A4824059}.Debug|Any CPU.ActiveCfg = Debug|Any CPU
		{7EF3D812-7C3B-4477-A119-7FB6A4824059}.Debug|Any CPU.Build.0 = Debug|Any CPU
		{7EF3D812-7C3B-4477-A119-7FB6A4824059}.Release|Any CPU.ActiveCfg = Release|Any CPU
		{7EF3D812-7C3B-4477-A119-7FB6A4824059}.Release|Any CPU.Build.0 = Release|Any CPU
		{EFF88A98-FB8B-45BB-A859-385C299C460E}.Debug|Any CPU.ActiveCfg = Debug|Any CPU
		{EFF88A98-FB8B-45BB-A859-385C299C460E}.Debug|Any CPU.Build.0 = Debug|Any CPU
		{EFF88A98-FB8B-45BB-A859-385C299C460E}.Release|Any CPU.ActiveCfg = Release|Any CPU
		{EFF88A98-FB8B-45BB-A859-385C299C460E}.Release|Any CPU.Build.0 = Release|Any CPU
		{1FD1F8B1-D899-44B4-BE96-E8A48D5842BB}.Debug|Any CPU.ActiveCfg = Debug|Any CPU
		{1FD1F8B1-D899-44B4-BE96-E8A48D5842BB}.Debug|Any CPU.Build.0 = Debug|Any CPU
		{1FD1F8B1-D899-44B4-BE96-E8A48D5842BB}.Release|Any CPU.ActiveCfg = Release|Any CPU
		{1FD1F8B1-D899-44B4-BE96-E8A48D5842BB}.Release|Any CPU.Build.0 = Release|Any CPU
		{C42B0E28-61CB-4237-B2F9-DEFD2849CBA8}.Debug|Any CPU.ActiveCfg = Debug|Any CPU
		{C42B0E28-61CB-4237-B2F9-DEFD2849CBA8}.Debug|Any CPU.Build.0 = Debug|Any CPU
		{C42B0E28-61CB-4237-B2F9-DEFD2849CBA8}.Release|Any CPU.ActiveCfg = Release|Any CPU
		{C42B0E28-61CB-4237-B2F9-DEFD2849CBA8}.Release|Any CPU.Build.0 = Release|Any CPU
		{5642112A-8EB8-4839-953A-190684464196}.Debug|Any CPU.ActiveCfg = Debug|Any CPU
		{5642112A-8EB8-4839-953A-190684464196}.Debug|Any CPU.Build.0 = Debug|Any CPU
		{5642112A-8EB8-4839-953A-190684464196}.Release|Any CPU.ActiveCfg = Release|Any CPU
		{5642112A-8EB8-4839-953A-190684464196}.Release|Any CPU.Build.0 = Release|Any CPU
		{6AA8F748-DB1F-455F-A4B3-ACFB1C4FEDAF}.Debug|Any CPU.ActiveCfg = Debug|Any CPU
		{6AA8F748-DB1F-455F-A4B3-ACFB1C4FEDAF}.Debug|Any CPU.Build.0 = Debug|Any CPU
		{6AA8F748-DB1F-455F-A4B3-ACFB1C4FEDAF}.Release|Any CPU.ActiveCfg = Release|Any CPU
		{6AA8F748-DB1F-455F-A4B3-ACFB1C4FEDAF}.Release|Any CPU.Build.0 = Release|Any CPU
		{583D46AD-A4E7-45F9-83F5-99E3511E593E}.Debug|Any CPU.ActiveCfg = Debug|Any CPU
		{583D46AD-A4E7-45F9-83F5-99E3511E593E}.Debug|Any CPU.Build.0 = Debug|Any CPU
		{583D46AD-A4E7-45F9-83F5-99E3511E593E}.Release|Any CPU.ActiveCfg = Release|Any CPU
		{583D46AD-A4E7-45F9-83F5-99E3511E593E}.Release|Any CPU.Build.0 = Release|Any CPU
		{2106FB19-88B5-41AB-BC35-CD7F99610D3D}.Debug|Any CPU.ActiveCfg = Debug|Any CPU
		{2106FB19-88B5-41AB-BC35-CD7F99610D3D}.Debug|Any CPU.Build.0 = Debug|Any CPU
		{2106FB19-88B5-41AB-BC35-CD7F99610D3D}.Release|Any CPU.ActiveCfg = Release|Any CPU
		{2106FB19-88B5-41AB-BC35-CD7F99610D3D}.Release|Any CPU.Build.0 = Release|Any CPU
		{E46753B9-40F6-4D98-9384-8C81143911B6}.Debug|Any CPU.ActiveCfg = Debug|Any CPU
		{E46753B9-40F6-4D98-9384-8C81143911B6}.Debug|Any CPU.Build.0 = Debug|Any CPU
		{E46753B9-40F6-4D98-9384-8C81143911B6}.Release|Any CPU.ActiveCfg = Release|Any CPU
		{E46753B9-40F6-4D98-9384-8C81143911B6}.Release|Any CPU.Build.0 = Release|Any CPU
		{9B6BAF40-8A94-4275-99A1-758A6C741C8B}.Debug|Any CPU.ActiveCfg = Debug|Any CPU
		{9B6BAF40-8A94-4275-99A1-758A6C741C8B}.Debug|Any CPU.Build.0 = Debug|Any CPU
		{9B6BAF40-8A94-4275-99A1-758A6C741C8B}.Release|Any CPU.ActiveCfg = Release|Any CPU
		{9B6BAF40-8A94-4275-99A1-758A6C741C8B}.Release|Any CPU.Build.0 = Release|Any CPU
		{007DAEE8-EE11-42C4-AC4A-1718D9E82FD4}.Debug|Any CPU.ActiveCfg = Debug|Any CPU
		{007DAEE8-EE11-42C4-AC4A-1718D9E82FD4}.Debug|Any CPU.Build.0 = Debug|Any CPU
		{007DAEE8-EE11-42C4-AC4A-1718D9E82FD4}.Release|Any CPU.ActiveCfg = Release|Any CPU
		{007DAEE8-EE11-42C4-AC4A-1718D9E82FD4}.Release|Any CPU.Build.0 = Release|Any CPU
		{F7277C56-5D2C-4AFD-9B97-55FBC96D3E5A}.Debug|Any CPU.ActiveCfg = Debug|Any CPU
		{F7277C56-5D2C-4AFD-9B97-55FBC96D3E5A}.Debug|Any CPU.Build.0 = Debug|Any CPU
		{F7277C56-5D2C-4AFD-9B97-55FBC96D3E5A}.Release|Any CPU.ActiveCfg = Release|Any CPU
		{F7277C56-5D2C-4AFD-9B97-55FBC96D3E5A}.Release|Any CPU.Build.0 = Release|Any CPU
		{2B990A0E-F0F5-4346-AA68-C894ED818F33}.Debug|Any CPU.ActiveCfg = Debug|Any CPU
		{2B990A0E-F0F5-4346-AA68-C894ED818F33}.Debug|Any CPU.Build.0 = Debug|Any CPU
		{2B990A0E-F0F5-4346-AA68-C894ED818F33}.Release|Any CPU.ActiveCfg = Release|Any CPU
		{2B990A0E-F0F5-4346-AA68-C894ED818F33}.Release|Any CPU.Build.0 = Release|Any CPU
		{D55D5E35-96A7-4526-B5D9-837963B7BC36}.Debug|Any CPU.ActiveCfg = Debug|Any CPU
		{D55D5E35-96A7-4526-B5D9-837963B7BC36}.Debug|Any CPU.Build.0 = Debug|Any CPU
		{D55D5E35-96A7-4526-B5D9-837963B7BC36}.Release|Any CPU.ActiveCfg = Release|Any CPU
		{D55D5E35-96A7-4526-B5D9-837963B7BC36}.Release|Any CPU.Build.0 = Release|Any CPU
		{70357FBD-6F4A-4A42-A51F-1CB3058620BA}.Debug|Any CPU.ActiveCfg = Debug|Any CPU
		{70357FBD-6F4A-4A42-A51F-1CB3058620BA}.Debug|Any CPU.Build.0 = Debug|Any CPU
		{70357FBD-6F4A-4A42-A51F-1CB3058620BA}.Release|Any CPU.ActiveCfg = Release|Any CPU
		{70357FBD-6F4A-4A42-A51F-1CB3058620BA}.Release|Any CPU.Build.0 = Release|Any CPU
		{DABCCB9A-791B-428E-BFC1-4B6094DDD26C}.Debug|Any CPU.ActiveCfg = Debug|Any CPU
		{DABCCB9A-791B-428E-BFC1-4B6094DDD26C}.Debug|Any CPU.Build.0 = Debug|Any CPU
		{DABCCB9A-791B-428E-BFC1-4B6094DDD26C}.Release|Any CPU.ActiveCfg = Release|Any CPU
		{DABCCB9A-791B-428E-BFC1-4B6094DDD26C}.Release|Any CPU.Build.0 = Release|Any CPU
		{A8180421-443A-46B4-9806-6C0C43CD00D4}.Debug|Any CPU.ActiveCfg = Debug|Any CPU
		{A8180421-443A-46B4-9806-6C0C43CD00D4}.Debug|Any CPU.Build.0 = Debug|Any CPU
		{A8180421-443A-46B4-9806-6C0C43CD00D4}.Release|Any CPU.ActiveCfg = Release|Any CPU
		{A8180421-443A-46B4-9806-6C0C43CD00D4}.Release|Any CPU.Build.0 = Release|Any CPU
		{16C7AE07-1645-40A7-96CF-D21D2D6CAE60}.Debug|Any CPU.ActiveCfg = Debug|Any CPU
		{16C7AE07-1645-40A7-96CF-D21D2D6CAE60}.Debug|Any CPU.Build.0 = Debug|Any CPU
		{16C7AE07-1645-40A7-96CF-D21D2D6CAE60}.Release|Any CPU.ActiveCfg = Release|Any CPU
		{16C7AE07-1645-40A7-96CF-D21D2D6CAE60}.Release|Any CPU.Build.0 = Release|Any CPU
		{1866A0BA-9BF4-4043-91FF-1CB9D0738451}.Debug|Any CPU.ActiveCfg = Debug|Any CPU
		{1866A0BA-9BF4-4043-91FF-1CB9D0738451}.Debug|Any CPU.Build.0 = Debug|Any CPU
		{1866A0BA-9BF4-4043-91FF-1CB9D0738451}.Release|Any CPU.ActiveCfg = Release|Any CPU
		{1866A0BA-9BF4-4043-91FF-1CB9D0738451}.Release|Any CPU.Build.0 = Release|Any CPU
		{86A20DDD-65E2-437B-8930-51465406FA78}.Debug|Any CPU.ActiveCfg = Debug|Any CPU
		{86A20DDD-65E2-437B-8930-51465406FA78}.Debug|Any CPU.Build.0 = Debug|Any CPU
		{86A20DDD-65E2-437B-8930-51465406FA78}.Release|Any CPU.ActiveCfg = Release|Any CPU
		{86A20DDD-65E2-437B-8930-51465406FA78}.Release|Any CPU.Build.0 = Release|Any CPU
		{9924348D-5D96-476F-983A-10858D1DCCEA}.Debug|Any CPU.ActiveCfg = Debug|Any CPU
		{9924348D-5D96-476F-983A-10858D1DCCEA}.Debug|Any CPU.Build.0 = Debug|Any CPU
		{9924348D-5D96-476F-983A-10858D1DCCEA}.Release|Any CPU.ActiveCfg = Release|Any CPU
		{9924348D-5D96-476F-983A-10858D1DCCEA}.Release|Any CPU.Build.0 = Release|Any CPU
		{B55DF026-23F2-461A-BCC5-237DE94C5989}.Debug|Any CPU.ActiveCfg = Debug|Any CPU
		{B55DF026-23F2-461A-BCC5-237DE94C5989}.Debug|Any CPU.Build.0 = Debug|Any CPU
		{B55DF026-23F2-461A-BCC5-237DE94C5989}.Release|Any CPU.ActiveCfg = Release|Any CPU
		{B55DF026-23F2-461A-BCC5-237DE94C5989}.Release|Any CPU.Build.0 = Release|Any CPU
		{A961F13A-C0BF-4CD2-8140-16DAE5CD22CA}.Debug|Any CPU.ActiveCfg = Debug|Any CPU
		{A961F13A-C0BF-4CD2-8140-16DAE5CD22CA}.Debug|Any CPU.Build.0 = Debug|Any CPU
		{A961F13A-C0BF-4CD2-8140-16DAE5CD22CA}.Release|Any CPU.ActiveCfg = Release|Any CPU
		{A961F13A-C0BF-4CD2-8140-16DAE5CD22CA}.Release|Any CPU.Build.0 = Release|Any CPU
		{CCE518B0-17A9-4129-95E8-0191B74CB2DE}.Debug|Any CPU.ActiveCfg = Debug|Any CPU
		{CCE518B0-17A9-4129-95E8-0191B74CB2DE}.Debug|Any CPU.Build.0 = Debug|Any CPU
		{CCE518B0-17A9-4129-95E8-0191B74CB2DE}.Release|Any CPU.ActiveCfg = Release|Any CPU
		{CCE518B0-17A9-4129-95E8-0191B74CB2DE}.Release|Any CPU.Build.0 = Release|Any CPU
		{637C9686-D0A2-4586-9739-6504C9D31DA3}.Debug|Any CPU.ActiveCfg = Debug|Any CPU
		{637C9686-D0A2-4586-9739-6504C9D31DA3}.Debug|Any CPU.Build.0 = Debug|Any CPU
		{637C9686-D0A2-4586-9739-6504C9D31DA3}.Release|Any CPU.ActiveCfg = Release|Any CPU
		{637C9686-D0A2-4586-9739-6504C9D31DA3}.Release|Any CPU.Build.0 = Release|Any CPU
		{F405B6D8-7B3F-4F23-8764-891E55DE2DEF}.Debug|Any CPU.ActiveCfg = Debug|Any CPU
		{F405B6D8-7B3F-4F23-8764-891E55DE2DEF}.Debug|Any CPU.Build.0 = Debug|Any CPU
		{F405B6D8-7B3F-4F23-8764-891E55DE2DEF}.Release|Any CPU.ActiveCfg = Release|Any CPU
		{F405B6D8-7B3F-4F23-8764-891E55DE2DEF}.Release|Any CPU.Build.0 = Release|Any CPU
		{6253A28D-3F75-40E7-B515-AF2828B4A854}.Debug|Any CPU.ActiveCfg = Debug|Any CPU
		{6253A28D-3F75-40E7-B515-AF2828B4A854}.Debug|Any CPU.Build.0 = Debug|Any CPU
		{6253A28D-3F75-40E7-B515-AF2828B4A854}.Release|Any CPU.ActiveCfg = Release|Any CPU
		{6253A28D-3F75-40E7-B515-AF2828B4A854}.Release|Any CPU.Build.0 = Release|Any CPU
		{1E7D30F8-3840-412B-83E2-2DB26C32CF24}.Debug|Any CPU.ActiveCfg = Debug|Any CPU
		{1E7D30F8-3840-412B-83E2-2DB26C32CF24}.Debug|Any CPU.Build.0 = Debug|Any CPU
		{1E7D30F8-3840-412B-83E2-2DB26C32CF24}.Release|Any CPU.ActiveCfg = Release|Any CPU
		{1E7D30F8-3840-412B-83E2-2DB26C32CF24}.Release|Any CPU.Build.0 = Release|Any CPU
		{ED675440-3EBC-4493-BE36-8A41EA623A1A}.Debug|Any CPU.ActiveCfg = Debug|Any CPU
		{ED675440-3EBC-4493-BE36-8A41EA623A1A}.Debug|Any CPU.Build.0 = Debug|Any CPU
		{ED675440-3EBC-4493-BE36-8A41EA623A1A}.Release|Any CPU.ActiveCfg = Release|Any CPU
		{ED675440-3EBC-4493-BE36-8A41EA623A1A}.Release|Any CPU.Build.0 = Release|Any CPU
	EndGlobalSection
	GlobalSection(SolutionProperties) = preSolution
		HideSolutionNode = FALSE
	EndGlobalSection
	GlobalSection(ExtensibilityGlobals) = postSolution
		SolutionGuid = {5749ED82-6606-4A40-9DF7-9FF4D6B1D7A3}
	EndGlobalSection
EndGlobal
